// !$*UTF8*$!
{
	archiveVersion = 1;
	classes = {
	};
	objectVersion = 77;
	objects = {

/* Begin PBXBuildFile section */
		638DB1C32FE7852600A0523F /* EventKit.framework in Frameworks */ = {isa = PBXBuildFile; fileRef = 638DB1C22FE7852600A0523F /* EventKit.framework */; };
		638DB1CC2FE881FF00A0523F /* WidgetKit.framework in Frameworks */ = {isa = PBXBuildFile; fileRef = 638DB1CB2FE881FF00A0523F /* WidgetKit.framework */; };
		638DB1CE2FE881FF00A0523F /* SwiftUI.framework in Frameworks */ = {isa = PBXBuildFile; fileRef = 638DB1CD2FE881FF00A0523F /* SwiftUI.framework */; };
		638DB1DD2FE8820000A0523F /* TraceWidgetExtension.appex in Embed Foundation Extensions */ = {isa = PBXBuildFile; fileRef = 638DB1CA2FE881FF00A0523F /* TraceWidgetExtension.appex */; settings = {ATTRIBUTES = (RemoveHeadersOnCopy, ); }; };
/* End PBXBuildFile section */

/* Begin PBXContainerItemProxy section */
		638DB1DB2FE8820000A0523F /* PBXContainerItemProxy */ = {
			isa = PBXContainerItemProxy;
			containerPortal = 63DCBCAC2FDEF667009EBC1B /* Project object */;
			proxyType = 1;
			remoteGlobalIDString = 638DB1C92FE881FF00A0523F;
			remoteInfo = TraceWidgetExtension;
		};
/* End PBXContainerItemProxy section */

/* Begin PBXCopyFilesBuildPhase section */
		638DB1E22FE8820000A0523F /* Embed Foundation Extensions */ = {
			isa = PBXCopyFilesBuildPhase;
			buildActionMask = 2147483647;
			dstPath = "";
			dstSubfolderSpec = 13;
			files = (
				638DB1DD2FE8820000A0523F /* TraceWidgetExtension.appex in Embed Foundation Extensions */,
			);
			name = "Embed Foundation Extensions";
			runOnlyForDeploymentPostprocessing = 0;
		};
/* End PBXCopyFilesBuildPhase section */

/* Begin PBXFileReference section */
		638DB1C22FE7852600A0523F /* EventKit.framework */ = {isa = PBXFileReference; lastKnownFileType = wrapper.framework; name = EventKit.framework; path = System/Library/Frameworks/EventKit.framework; sourceTree = SDKROOT; };
		638DB1CA2FE881FF00A0523F /* TraceWidgetExtension.appex */ = {isa = PBXFileReference; explicitFileType = "wrapper.app-extension"; includeInIndex = 0; path = TraceWidgetExtension.appex; sourceTree = BUILT_PRODUCTS_DIR; };
		638DB1CB2FE881FF00A0523F /* WidgetKit.framework */ = {isa = PBXFileReference; lastKnownFileType = wrapper.framework; name = WidgetKit.framework; path = System/Library/Frameworks/WidgetKit.framework; sourceTree = SDKROOT; };
		638DB1CD2FE881FF00A0523F /* SwiftUI.framework */ = {isa = PBXFileReference; lastKnownFileType = wrapper.framework; name = SwiftUI.framework; path = System/Library/Frameworks/SwiftUI.framework; sourceTree = SDKROOT; };
		638DB1E42FE8836200A0523F /* TraceWidgetExtension.entitlements */ = {isa = PBXFileReference; lastKnownFileType = text.plist.entitlements; path = TraceWidgetExtension.entitlements; sourceTree = "<group>"; };
		63DCBCB42FDEF667009EBC1B /* Trace.app */ = {isa = PBXFileReference; explicitFileType = wrapper.application; includeInIndex = 0; path = Trace.app; sourceTree = BUILT_PRODUCTS_DIR; };
		63FF43EB2FEE24B000EAC44A /* Trace.entitlements */ = {isa = PBXFileReference; lastKnownFileType = text.plist.entitlements; path = Trace.entitlements; sourceTree = "<group>"; };
/* End PBXFileReference section */

/* Begin PBXFileSystemSynchronizedBuildFileExceptionSet section */
		638DB08E2FE252C700A0523F /* Exceptions for "Trace" folder in "Trace" target */ = {
			isa = PBXFileSystemSynchronizedBuildFileExceptionSet;
			membershipExceptions = (
				Info.plist,
			);
			target = 63DCBCB32FDEF667009EBC1B /* Trace */;
		};
		638DB1E12FE8820000A0523F /* Exceptions for "TraceWidget" folder in "TraceWidgetExtension" target */ = {
			isa = PBXFileSystemSynchronizedBuildFileExceptionSet;
			membershipExceptions = (
				Info.plist,
			);
			target = 638DB1C92FE881FF00A0523F /* TraceWidgetExtension */;
		};
/* End PBXFileSystemSynchronizedBuildFileExceptionSet section */

/* Begin PBXFileSystemSynchronizedRootGroup section */
		638DB1CF2FE881FF00A0523F /* TraceWidget */ = {
			isa = PBXFileSystemSynchronizedRootGroup;
			exceptions = (
				638DB1E12FE8820000A0523F /* Exceptions for "TraceWidget" folder in "TraceWidgetExtension" target */,
			);
			path = TraceWidget;
			sourceTree = "<group>";
		};
		63DCBCB62FDEF667009EBC1B /* Trace */ = {
			isa = PBXFileSystemSynchronizedRootGroup;
			exceptions = (
				638DB08E2FE252C700A0523F /* Exceptions for "Trace" folder in "Trace" target */,
			);
			path = Trace;
			sourceTree = "<group>";
		};
/* End PBXFileSystemSynchronizedRootGroup section */

/* Begin PBXFrameworksBuildPhase section */
		638DB1C72FE881FF00A0523F /* Frameworks */ = {
			isa = PBXFrameworksBuildPhase;
			buildActionMask = 2147483647;
			files = (
				638DB1CE2FE881FF00A0523F /* SwiftUI.framework in Frameworks */,
				638DB1CC2FE881FF00A0523F /* WidgetKit.framework in Frameworks */,
			);
			runOnlyForDeploymentPostprocessing = 0;
		};
		63DCBCB12FDEF667009EBC1B /* Frameworks */ = {
			isa = PBXFrameworksBuildPhase;
			buildActionMask = 2147483647;
			files = (
				638DB1C32FE7852600A0523F /* EventKit.framework in Frameworks */,
			);
			runOnlyForDeploymentPostprocessing = 0;
		};
/* End PBXFrameworksBuildPhase section */

/* Begin PBXGroup section */
		638DB1C12FE7852500A0523F /* Frameworks */ = {
			isa = PBXGroup;
			children = (
				638DB1C22FE7852600A0523F /* EventKit.framework */,
				638DB1CB2FE881FF00A0523F /* WidgetKit.framework */,
				638DB1CD2FE881FF00A0523F /* SwiftUI.framework */,
			);
			name = Frameworks;
			sourceTree = "<group>";
		};
		63DCBCAB2FDEF667009EBC1B = {
			isa = PBXGroup;
			children = (
				63FF43EB2FEE24B000EAC44A /* Trace.entitlements */,
				638DB1E42FE8836200A0523F /* TraceWidgetExtension.entitlements */,
				63DCBCB62FDEF667009EBC1B /* Trace */,
				638DB1CF2FE881FF00A0523F /* TraceWidget */,
				638DB1C12FE7852500A0523F /* Frameworks */,
				63DCBCB52FDEF667009EBC1B /* Products */,
			);
			sourceTree = "<group>";
		};
		63DCBCB52FDEF667009EBC1B /* Products */ = {
			isa = PBXGroup;
			children = (
				63DCBCB42FDEF667009EBC1B /* Trace.app */,
				638DB1CA2FE881FF00A0523F /* TraceWidgetExtension.appex */,
			);
			name = Products;
			sourceTree = "<group>";
		};
/* End PBXGroup section */

/* Begin PBXNativeTarget section */
		638DB1C92FE881FF00A0523F /* TraceWidgetExtension */ = {
			isa = PBXNativeTarget;
			buildConfigurationList = 638DB1DE2FE8820000A0523F /* Build configuration list for PBXNativeTarget "TraceWidgetExtension" */;
			buildPhases = (
				638DB1C62FE881FF00A0523F /* Sources */,
				638DB1C72FE881FF00A0523F /* Frameworks */,
				638DB1C82FE881FF00A0523F /* Resources */,
			);
			buildRules = (
			);
			dependencies = (
			);
			fileSystemSynchronizedGroups = (
				638DB1CF2FE881FF00A0523F /* TraceWidget */,
			);
			name = TraceWidgetExtension;
			packageProductDependencies = (
			);
			productName = TraceWidgetExtension;
			productReference = 638DB1CA2FE881FF00A0523F /* TraceWidgetExtension.appex */;
			productType = "com.apple.product-type.app-extension";
		};
		63DCBCB32FDEF667009EBC1B /* Trace */ = {
			isa = PBXNativeTarget;
			buildConfigurationList = 63DCBCBF2FDEF669009EBC1B /* Build configuration list for PBXNativeTarget "Trace" */;
			buildPhases = (
				63DCBCB02FDEF667009EBC1B /* Sources */,
				63DCBCB12FDEF667009EBC1B /* Frameworks */,
				63DCBCB22FDEF667009EBC1B /* Resources */,
				638DB1E22FE8820000A0523F /* Embed Foundation Extensions */,
			);
			buildRules = (
			);
			dependencies = (
				638DB1DC2FE8820000A0523F /* PBXTargetDependency */,
			);
			fileSystemSynchronizedGroups = (
				63DCBCB62FDEF667009EBC1B /* Trace */,
			);
			name = Trace;
			packageProductDependencies = (
			);
			productName = Trace;
			productReference = 63DCBCB42FDEF667009EBC1B /* Trace.app */;
			productType = "com.apple.product-type.application";
		};
/* End PBXNativeTarget section */

/* Begin PBXProject section */
		63DCBCAC2FDEF667009EBC1B /* Project object */ = {
			isa = PBXProject;
			attributes = {
				BuildIndependentTargetsInParallel = 1;
				LastSwiftUpdateCheck = 2650;
				LastUpgradeCheck = 2650;
				TargetAttributes = {
					638DB1C92FE881FF00A0523F = {
						CreatedOnToolsVersion = 26.5;
					};
					63DCBCB32FDEF667009EBC1B = {
						CreatedOnToolsVersion = 26.5;
					};
				};
			};
			buildConfigurationList = 63DCBCAF2FDEF667009EBC1B /* Build configuration list for PBXProject "Trace" */;
			developmentRegion = en;
			hasScannedForEncodings = 0;
			knownRegions = (
				en,
				Base,
			);
			mainGroup = 63DCBCAB2FDEF667009EBC1B;
			minimizedProjectReferenceProxies = 1;
			preferredProjectObjectVersion = 77;
			productRefGroup = 63DCBCB52FDEF667009EBC1B /* Products */;
			projectDirPath = "";
			projectRoot = "";
			targets = (
				63DCBCB32FDEF667009EBC1B /* Trace */,
				638DB1C92FE881FF00A0523F /* TraceWidgetExtension */,
			);
		};
/* End PBXProject section */

/* Begin PBXResourcesBuildPhase section */
		638DB1C82FE881FF00A0523F /* Resources */ = {
			isa = PBXResourcesBuildPhase;
			buildActionMask = 2147483647;
			files = (
			);
			runOnlyForDeploymentPostprocessing = 0;
		};
		63DCBCB22FDEF667009EBC1B /* Resources */ = {
			isa = PBXResourcesBuildPhase;
			buildActionMask = 2147483647;
			files = (
			);
			runOnlyForDeploymentPostprocessing = 0;
		};
/* End PBXResourcesBuildPhase section */

/* Begin PBXSourcesBuildPhase section */
		638DB1C62FE881FF00A0523F /* Sources */ = {
			isa = PBXSourcesBuildPhase;
			buildActionMask = 2147483647;
			files = (
			);
			runOnlyForDeploymentPostprocessing = 0;
		};
		63DCBCB02FDEF667009EBC1B /* Sources */ = {
			isa = PBXSourcesBuildPhase;
			buildActionMask = 2147483647;
			files = (
			);
			runOnlyForDeploymentPostprocessing = 0;
		};
/* End PBXSourcesBuildPhase section */

/* Begin PBXTargetDependency section */
		638DB1DC2FE8820000A0523F /* PBXTargetDependency */ = {
			isa = PBXTargetDependency;
			target = 638DB1C92FE881FF00A0523F /* TraceWidgetExtension */;
			targetProxy = 638DB1DB2FE8820000A0523F /* PBXContainerItemProxy */;
		};
/* End PBXTargetDependency section */

/* Begin XCBuildConfiguration section */
		638DB1DF2FE8820000A0523F /* Debug */ = {
			isa = XCBuildConfiguration;
			buildSettings = {
				ASSETCATALOG_COMPILER_GLOBAL_ACCENT_COLOR_NAME = AccentColor;
				ASSETCATALOG_COMPILER_WIDGET_BACKGROUND_COLOR_NAME = WidgetBackground;
				CODE_SIGN_ENTITLEMENTS = TraceWidgetExtension.entitlements;
				CODE_SIGN_STYLE = Automatic;
				CURRENT_PROJECT_VERSION = 1;
				DEVELOPMENT_TEAM = KZFRL4A856;
				GENERATE_INFOPLIST_FILE = YES;
				INFOPLIST_FILE = TraceWidget/Info.plist;
				INFOPLIST_KEY_CFBundleDisplayName = TraceWidget;
				INFOPLIST_KEY_NSHumanReadableCopyright = "";
				LD_RUNPATH_SEARCH_PATHS = (
					"$(inherited)",
					"@executable_path/Frameworks",
					"@executable_path/../../Frameworks",
				);
				MARKETING_VERSION = 1.0;
				PRODUCT_BUNDLE_IDENTIFIER = com.david.Trace.TraceWidget;
				PRODUCT_NAME = "$(TARGET_NAME)";
				SKIP_INSTALL = YES;
				STRING_CATALOG_GENERATE_SYMBOLS = YES;
				SWIFT_APPROACHABLE_CONCURRENCY = YES;
				SWIFT_EMIT_LOC_STRINGS = YES;
				SWIFT_UPCOMING_FEATURE_MEMBER_IMPORT_VISIBILITY = YES;
				SWIFT_VERSION = 5.0;
				TARGETED_DEVICE_FAMILY = "1,2";
			};
			name = Debug;
		};
		638DB1E02FE8820000A0523F /* Release */ = {
			isa = XCBuildConfiguration;
			buildSettings = {
				ASSETCATALOG_COMPILER_GLOBAL_ACCENT_COLOR_NAME = AccentColor;
				ASSETCATALOG_COMPILER_WIDGET_BACKGROUND_COLOR_NAME = WidgetBackground;
				CODE_SIGN_ENTITLEMENTS = TraceWidgetExtension.entitlements;
				CODE_SIGN_STYLE = Automatic;
				CURRENT_PROJECT_VERSION = 1;
				DEVELOPMENT_TEAM = KZFRL4A856;
				GENERATE_INFOPLIST_FILE = YES;
				INFOPLIST_FILE = TraceWidget/Info.plist;
				INFOPLIST_KEY_CFBundleDisplayName = TraceWidget;
				INFOPLIST_KEY_NSHumanReadableCopyright = "";
				LD_RUNPATH_SEARCH_PATHS = (
					"$(inherited)",
					"@executable_path/Frameworks",
					"@executable_path/../../Frameworks",
				);
				MARKETING_VERSION = 1.0;
				PRODUCT_BUNDLE_IDENTIFIER = com.david.Trace.TraceWidget;
				PRODUCT_NAME = "$(TARGET_NAME)";
				SKIP_INSTALL = YES;
				STRING_CATALOG_GENERATE_SYMBOLS = YES;
				SWIFT_APPROACHABLE_CONCURRENCY = YES;
				SWIFT_EMIT_LOC_STRINGS = YES;
				SWIFT_UPCOMING_FEATURE_MEMBER_IMPORT_VISIBILITY = YES;
				SWIFT_VERSION = 5.0;
				TARGETED_DEVICE_FAMILY = "1,2";
			};
			name = Release;
		};
		63DCBCBD2FDEF669009EBC1B /* Debug */ = {
			isa = XCBuildConfiguration;
			buildSettings = {
				ALWAYS_SEARCH_USER_PATHS = NO;
				ASSETCATALOG_COMPILER_GENERATE_SWIFT_ASSET_SYMBOL_EXTENSIONS = YES;
				CLANG_ANALYZER_NONNULL = YES;
				CLANG_ANALYZER_NUMBER_OBJECT_CONVERSION = YES_AGGRESSIVE;
				CLANG_CXX_LANGUAGE_STANDARD = "gnu++20";
				CLANG_ENABLE_MODULES = YES;
				CLANG_ENABLE_OBJC_ARC = YES;
				CLANG_ENABLE_OBJC_WEAK = YES;
				CLANG_WARN_BLOCK_CAPTURE_AUTORELEASING = YES;
				CLANG_WARN_BOOL_CONVERSION = YES;
				CLANG_WARN_COMMA = YES;
				CLANG_WARN_CONSTANT_CONVERSION = YES;
				CLANG_WARN_DEPRECATED_OBJC_IMPLEMENTATIONS = YES;
				CLANG_WARN_DIRECT_OBJC_ISA_USAGE = YES_ERROR;
				CLANG_WARN_DOCUMENTATION_COMMENTS = YES;
				CLANG_WARN_EMPTY_BODY = YES;
				CLANG_WARN_ENUM_CONVERSION = YES;
				CLANG_WARN_INFINITE_RECURSION = YES;
				CLANG_WARN_INT_CONVERSION = YES;
				CLANG_WARN_NON_LITERAL_NULL_CONVERSION = YES;
				CLANG_WARN_OBJC_IMPLICIT_RETAIN_SELF = YES;
				CLANG_WARN_OBJC_LITERAL_CONVERSION = YES;
				CLANG_WARN_OBJC_ROOT_CLASS = YES_ERROR;
				CLANG_WARN_QUOTED_INCLUDE_IN_FRAMEWORK_HEADER = YES;
				CLANG_WARN_RANGE_LOOP_ANALYSIS = YES;
				CLANG_WARN_STRICT_PROTOTYPES = YES;
				CLANG_WARN_SUSPICIOUS_MOVE = YES;
				CLANG_WARN_UNGUARDED_AVAILABILITY = YES_AGGRESSIVE;
				CLANG_WARN_UNREACHABLE_CODE = YES;
				CLANG_WARN__DUPLICATE_METHOD_MATCH = YES;
				COPY_PHASE_STRIP = NO;
				DEBUG_INFORMATION_FORMAT = dwarf;
				DEVELOPMENT_TEAM = KZFRL4A856;
				ENABLE_STRICT_OBJC_MSGSEND = YES;
				ENABLE_TESTABILITY = YES;
				ENABLE_USER_SCRIPT_SANDBOXING = YES;
				GCC_C_LANGUAGE_STANDARD = gnu17;
				GCC_DYNAMIC_NO_PIC = NO;
				GCC_NO_COMMON_BLOCKS = YES;
				GCC_OPTIMIZATION_LEVEL = 0;
				GCC_PREPROCESSOR_DEFINITIONS = (
					"DEBUG=1",
					"$(inherited)",
				);
				GCC_WARN_64_TO_32_BIT_CONVERSION = YES;
				GCC_WARN_ABOUT_RETURN_TYPE = YES_ERROR;
				GCC_WARN_UNDECLARED_SELECTOR = YES;
				GCC_WARN_UNINITIALIZED_AUTOS = YES_AGGRESSIVE;
				GCC_WARN_UNUSED_FUNCTION = YES;
				GCC_WARN_UNUSED_VARIABLE = YES;
				IPHONEOS_DEPLOYMENT_TARGET = 26.5;
				LOCALIZATION_PREFERS_STRING_CATALOGS = YES;
				MTL_ENABLE_DEBUG_INFO = INCLUDE_SOURCE;
				MTL_FAST_MATH = YES;
				ONLY_ACTIVE_ARCH = YES;
				SDKROOT = iphoneos;
				SWIFT_ACTIVE_COMPILATION_CONDITIONS = "DEBUG $(inherited)";
				SWIFT_OPTIMIZATION_LEVEL = "-Onone";
			};
			name = Debug;
		};
		63DCBCBE2FDEF669009EBC1B /* Release */ = {
			isa = XCBuildConfiguration;
			buildSettings = {
				ALWAYS_SEARCH_USER_PATHS = NO;
				ASSETCATALOG_COMPILER_GENERATE_SWIFT_ASSET_SYMBOL_EXTENSIONS = YES;
				CLANG_ANALYZER_NONNULL = YES;
				CLANG_ANALYZER_NUMBER_OBJECT_CONVERSION = YES_AGGRESSIVE;
				CLANG_CXX_LANGUAGE_STANDARD = "gnu++20";
				CLANG_ENABLE_MODULES = YES;
				CLANG_ENABLE_OBJC_ARC = YES;
				CLANG_ENABLE_OBJC_WEAK = YES;
				CLANG_WARN_BLOCK_CAPTURE_AUTORELEASING = YES;
				CLANG_WARN_BOOL_CONVERSION = YES;
				CLANG_WARN_COMMA = YES;
				CLANG_WARN_CONSTANT_CONVERSION = YES;
				CLANG_WARN_DEPRECATED_OBJC_IMPLEMENTATIONS = YES;
				CLANG_WARN_DIRECT_OBJC_ISA_USAGE = YES_ERROR;
				CLANG_WARN_DOCUMENTATION_COMMENTS = YES;
				CLANG_WARN_EMPTY_BODY = YES;
				CLANG_WARN_ENUM_CONVERSION = YES;
				CLANG_WARN_INFINITE_RECURSION = YES;
				CLANG_WARN_INT_CONVERSION = YES;
				CLANG_WARN_NON_LITERAL_NULL_CONVERSION = YES;
				CLANG_WARN_OBJC_IMPLICIT_RETAIN_SELF = YES;
				CLANG_WARN_OBJC_LITERAL_CONVERSION = YES;
				CLANG_WARN_OBJC_ROOT_CLASS = YES_ERROR;
				CLANG_WARN_QUOTED_INCLUDE_IN_FRAMEWORK_HEADER = YES;
				CLANG_WARN_RANGE_LOOP_ANALYSIS = YES;
				CLANG_WARN_STRICT_PROTOTYPES = YES;
				CLANG_WARN_SUSPICIOUS_MOVE = YES;
				CLANG_WARN_UNGUARDED_AVAILABILITY = YES_AGGRESSIVE;
				CLANG_WARN_UNREACHABLE_CODE = YES;
				CLANG_WARN__DUPLICATE_METHOD_MATCH = YES;
				COPY_PHASE_STRIP = NO;
				DEBUG_INFORMATION_FORMAT = "dwarf-with-dsym";
				DEVELOPMENT_TEAM = KZFRL4A856;
				ENABLE_NS_ASSERTIONS = NO;
				ENABLE_STRICT_OBJC_MSGSEND = YES;
				ENABLE_USER_SCRIPT_SANDBOXING = YES;
				GCC_C_LANGUAGE_STANDARD = gnu17;
				GCC_NO_COMMON_BLOCKS = YES;
				GCC_WARN_64_TO_32_BIT_CONVERSION = YES;
				GCC_WARN_ABOUT_RETURN_TYPE = YES_ERROR;
				GCC_WARN_UNDECLARED_SELECTOR = YES;
				GCC_WARN_UNINITIALIZED_AUTOS = YES_AGGRESSIVE;
				GCC_WARN_UNUSED_FUNCTION = YES;
				GCC_WARN_UNUSED_VARIABLE = YES;
				IPHONEOS_DEPLOYMENT_TARGET = 26.5;
				LOCALIZATION_PREFERS_STRING_CATALOGS = YES;
				MTL_ENABLE_DEBUG_INFO = NO;
				MTL_FAST_MATH = YES;
				SDKROOT = iphoneos;
				SWIFT_COMPILATION_MODE = wholemodule;
				VALIDATE_PRODUCT = YES;
			};
			name = Release;
		};
		63DCBCC02FDEF669009EBC1B /* Debug */ = {
			isa = XCBuildConfiguration;
			buildSettings = {
				ASSETCATALOG_COMPILER_APPICON_NAME = AppIcon;
				ASSETCATALOG_COMPILER_GLOBAL_ACCENT_COLOR_NAME = AccentColor;
				CODE_SIGN_ENTITLEMENTS = Trace/Trace.entitlements;
				CODE_SIGN_STYLE = Automatic;
				CURRENT_PROJECT_VERSION = 54;
				DEVELOPMENT_TEAM = KZFRL4A856;
				ENABLE_PREVIEWS = YES;
				GENERATE_INFOPLIST_FILE = YES;
				INFOPLIST_FILE = Trace/Info.plist;
				INFOPLIST_KEY_LSApplicationCategoryType = "";
				INFOPLIST_KEY_NSCalendarsUsageDescription = "Trace shows your next calendar event on the home screen.";
				INFOPLIST_KEY_NSCameraUsageDescription = "Trace uses the camera to capture photos linked to places.";
				INFOPLIST_KEY_NSHealthShareUsageDescription = "Trace reads your Apple Watch activity rings to show Move, Exercise, and Stand progress.";
				INFOPLIST_KEY_NSHealthUpdateUsageDescription = "Trace does not write health data.";
				INFOPLIST_KEY_NSLocationAlwaysAndWhenInUseUsageDescription = "Trace uses your location to show nearby places and auto check-in.";
				INFOPLIST_KEY_NSLocationWhenInUseUsageDescription = "Trace uses your location to show nearby places and auto check-in.";
				INFOPLIST_KEY_NSPhotoLibraryAddUsageDescription = "Trace saves captured photos to your photo library.";
				INFOPLIST_KEY_NSPhotoLibraryUsageDescription = "uses photos to attach images to your notes.";
				INFOPLIST_KEY_UIApplicationSceneManifest_Generation = YES;
				INFOPLIST_KEY_UIApplicationSupportsIndirectInputEvents = YES;
				INFOPLIST_KEY_UILaunchScreen_Generation = YES;
				INFOPLIST_KEY_UISupportedInterfaceOrientations = "UIInterfaceOrientationLandscapeLeft UIInterfaceOrientationLandscapeRight UIInterfaceOrientationPortrait";
				LD_RUNPATH_SEARCH_PATHS = (
					"$(inherited)",
					"@executable_path/Frameworks",
				);
				MARKETING_VERSION = 1.0;
				PRODUCT_BUNDLE_IDENTIFIER = com.david.Trace;
				PRODUCT_NAME = "$(TARGET_NAME)";
				STRING_CATALOG_GENERATE_SYMBOLS = YES;
				SUPPORTED_PLATFORMS = "iphoneos iphonesimulator";
				SUPPORTS_MACCATALYST = NO;
				SUPPORTS_XR_DESIGNED_FOR_IPHONE_IPAD = NO;
				SWIFT_APPROACHABLE_CONCURRENCY = YES;
				SWIFT_DEFAULT_ACTOR_ISOLATION = MainActor;
				SWIFT_EMIT_LOC_STRINGS = YES;
				SWIFT_UPCOMING_FEATURE_MEMBER_IMPORT_VISIBILITY = YES;
				SWIFT_VERSION = 5.0;
				TARGETED_DEVICE_FAMILY = 1;
			};
			name = Debug;
		};
		63DCBCC12FDEF669009EBC1B /* Release */ = {
			isa = XCBuildConfiguration;
			buildSettings = {
				ASSETCATALOG_COMPILER_APPICON_NAME = AppIcon;
				ASSETCATALOG_COMPILER_GLOBAL_ACCENT_COLOR_NAME = AccentColor;
				CODE_SIGN_ENTITLEMENTS = Trace/Trace.entitlements;
				CODE_SIGN_STYLE = Automatic;
				CURRENT_PROJECT_VERSION = 54;
				DEVELOPMENT_TEAM = KZFRL4A856;
				ENABLE_PREVIEWS = YES;
				GENERATE_INFOPLIST_FILE = YES;
				INFOPLIST_FILE = Trace/Info.plist;
				INFOPLIST_KEY_LSApplicationCategoryType = "";
				INFOPLIST_KEY_NSCalendarsUsageDescription = "Trace shows your next calendar event on the home screen.";
				INFOPLIST_KEY_NSCameraUsageDescription = "Trace uses the camera to capture photos linked to places.";
				INFOPLIST_KEY_NSHealthShareUsageDescription = "Trace reads your Apple Watch activity rings to show Move, Exercise, and Stand progress.";
				INFOPLIST_KEY_NSHealthUpdateUsageDescription = "Trace does not write health data.";
				INFOPLIST_KEY_NSLocationAlwaysAndWhenInUseUsageDescription = "Trace uses your location to show nearby places and auto check-in.";
				INFOPLIST_KEY_NSLocationWhenInUseUsageDescription = "Trace uses your location to show nearby places and auto check-in.";
				INFOPLIST_KEY_NSPhotoLibraryAddUsageDescription = "Trace saves captured photos to your photo library.";
				INFOPLIST_KEY_NSPhotoLibraryUsageDescription = "uses photos to attach images to your notes.";
				INFOPLIST_KEY_UIApplicationSceneManifest_Generation = YES;
				INFOPLIST_KEY_UIApplicationSupportsIndirectInputEvents = YES;
				INFOPLIST_KEY_UILaunchScreen_Generation = YES;
				INFOPLIST_KEY_UISupportedInterfaceOrientations = "UIInterfaceOrientationLandscapeLeft UIInterfaceOrientationLandscapeRight UIInterfaceOrientationPortrait";
				LD_RUNPATH_SEARCH_PATHS = (
					"$(inherited)",
					"@executable_path/Frameworks",
				);
				MARKETING_VERSION = 1.0;
				PRODUCT_BUNDLE_IDENTIFIER = com.david.Trace;
				PRODUCT_NAME = "$(TARGET_NAME)";
				STRING_CATALOG_GENERATE_SYMBOLS = YES;
				SUPPORTED_PLATFORMS = "iphoneos iphonesimulator";
				SUPPORTS_MACCATALYST = NO;
				SUPPORTS_XR_DESIGNED_FOR_IPHONE_IPAD = NO;
				SWIFT_APPROACHABLE_CONCURRENCY = YES;
				SWIFT_DEFAULT_ACTOR_ISOLATION = MainActor;
				SWIFT_EMIT_LOC_STRINGS = YES;
				SWIFT_UPCOMING_FEATURE_MEMBER_IMPORT_VISIBILITY = YES;
				SWIFT_VERSION = 5.0;
				TARGETED_DEVICE_FAMILY = 1;
			};
			name = Release;
		};
/* End XCBuildConfiguration section */

/* Begin XCConfigurationList section */
		638DB1DE2FE8820000A0523F /* Build configuration list for PBXNativeTarget "TraceWidgetExtension" */ = {
			isa = XCConfigurationList;
			buildConfigurations = (
				638DB1DF2FE8820000A0523F /* Debug */,
				638DB1E02FE8820000A0523F /* Release */,
			);
			defaultConfigurationIsVisible = 0;
			defaultConfigurationName = Release;
		};
		63DCBCAF2FDEF667009EBC1B /* Build configuration list for PBXProject "Trace" */ = {
			isa = XCConfigurationList;
			buildConfigurations = (
				63DCBCBD2FDEF669009EBC1B /* Debug */,
				63DCBCBE2FDEF669009EBC1B /* Release */,
			);
			defaultConfigurationIsVisible = 0;
			defaultConfigurationName = Release;
		};
		63DCBCBF2FDEF669009EBC1B /* Build configuration list for PBXNativeTarget "Trace" */ = {
			isa = XCConfigurationList;
			buildConfigurations = (
				63DCBCC02FDEF669009EBC1B /* Debug */,
				63DCBCC12FDEF669009EBC1B /* Release */,
			);
			defaultConfigurationIsVisible = 0;
			defaultConfigurationName = Release;
		};
/* End XCConfigurationList section */
	};
	rootObject = 63DCBCAC2FDEF667009EBC1B /* Project object */;
}
