// !$*UTF8*$!
{
	archiveVersion = 1;
	classes = {
	};
	objectVersion = 77;
	objects = {

/* Begin PBXBuildFile section */
		636864743013C740000A3F02 /* WidgetKit.framework in Frameworks */ = {isa = PBXBuildFile; fileRef = 638DB1CB2FE881FF00A0523F /* WidgetKit.framework */; };
		636864753013C740000A3F02 /* SwiftUI.framework in Frameworks */ = {isa = PBXBuildFile; fileRef = 638DB1CD2FE881FF00A0523F /* SwiftUI.framework */; };
		636864843013C742000A3F02 /* JotWidgetExtension.appex in Embed Foundation Extensions */ = {isa = PBXBuildFile; fileRef = 636864733013C740000A3F02 /* JotWidgetExtension.appex */; settings = {ATTRIBUTES = (RemoveHeadersOnCopy, ); }; };
		636864943013DD38000A3F02 /* WidgetKit.framework in Frameworks */ = {isa = PBXBuildFile; fileRef = 638DB1CB2FE881FF00A0523F /* WidgetKit.framework */; };
		636864953013DD38000A3F02 /* SwiftUI.framework in Frameworks */ = {isa = PBXBuildFile; fileRef = 638DB1CD2FE881FF00A0523F /* SwiftUI.framework */; };
		636864A03013DD3A000A3F02 /* DayflowWidgetExtension.appex in Embed Foundation Extensions */ = {isa = PBXBuildFile; fileRef = 636864933013DD38000A3F02 /* DayflowWidgetExtension.appex */; settings = {ATTRIBUTES = (RemoveHeadersOnCopy, ); }; };
		63686502301BC757000A3F02 /* SatchelShareExtension.appex in Embed Foundation Extensions */ = {isa = PBXBuildFile; fileRef = 636864F8301BC756000A3F02 /* SatchelShareExtension.appex */; settings = {ATTRIBUTES = (RemoveHeadersOnCopy, ); }; };
		638DB1C32FE7852600A0523F /* EventKit.framework in Frameworks */ = {isa = PBXBuildFile; fileRef = 638DB1C22FE7852600A0523F /* EventKit.framework */; };
		638DB1CC2FE881FF00A0523F /* WidgetKit.framework in Frameworks */ = {isa = PBXBuildFile; fileRef = 638DB1CB2FE881FF00A0523F /* WidgetKit.framework */; };
		638DB1CE2FE881FF00A0523F /* SwiftUI.framework in Frameworks */ = {isa = PBXBuildFile; fileRef = 638DB1CD2FE881FF00A0523F /* SwiftUI.framework */; };
		638DB1DD2FE8820000A0523F /* TraceWidgetExtension.appex in Embed Foundation Extensions */ = {isa = PBXBuildFile; fileRef = 638DB1CA2FE881FF00A0523F /* TraceWidgetExtension.appex */; settings = {ATTRIBUTES = (RemoveHeadersOnCopy, ); }; };
/* End PBXBuildFile section */

/* Begin PBXContainerItemProxy section */
		636864823013C742000A3F02 /* PBXContainerItemProxy */ = {
			isa = PBXContainerItemProxy;
			containerPortal = 63DCBCAC2FDEF667009EBC1B /* Project object */;
			proxyType = 1;
			remoteGlobalIDString = 636864723013C740000A3F02;
			remoteInfo = JotWidgetExtension;
		};
		6368649E3013DD3A000A3F02 /* PBXContainerItemProxy */ = {
			isa = PBXContainerItemProxy;
			containerPortal = 63DCBCAC2FDEF667009EBC1B /* Project object */;
			proxyType = 1;
			remoteGlobalIDString = 636864923013DD38000A3F02;
			remoteInfo = DayflowWidgetExtension;
		};
		63686500301BC757000A3F02 /* PBXContainerItemProxy */ = {
			isa = PBXContainerItemProxy;
			containerPortal = 63DCBCAC2FDEF667009EBC1B /* Project object */;
			proxyType = 1;
			remoteGlobalIDString = 636864F7301BC756000A3F02;
			remoteInfo = SatchelShareExtension;
		};
		638DB1DB2FE8820000A0523F /* PBXContainerItemProxy */ = {
			isa = PBXContainerItemProxy;
			containerPortal = 63DCBCAC2FDEF667009EBC1B /* Project object */;
			proxyType = 1;
			remoteGlobalIDString = 638DB1C92FE881FF00A0523F;
			remoteInfo = TraceWidgetExtension;
		};
/* End PBXContainerItemProxy section */

/* Begin PBXCopyFilesBuildPhase section */
		636864893013C742000A3F02 /* Embed Foundation Extensions */ = {
			isa = PBXCopyFilesBuildPhase;
			buildActionMask = 2147483647;
			dstPath = "";
			dstSubfolderSpec = 13;
			files = (
				636864843013C742000A3F02 /* JotWidgetExtension.appex in Embed Foundation Extensions */,
			);
			name = "Embed Foundation Extensions";
			runOnlyForDeploymentPostprocessing = 0;
		};
		636864A53013DD3A000A3F02 /* Embed Foundation Extensions */ = {
			isa = PBXCopyFilesBuildPhase;
			buildActionMask = 2147483647;
			dstPath = "";
			dstSubfolderSpec = 13;
			files = (
				636864A03013DD3A000A3F02 /* DayflowWidgetExtension.appex in Embed Foundation Extensions */,
			);
			name = "Embed Foundation Extensions";
			runOnlyForDeploymentPostprocessing = 0;
		};
		63686507301BC757000A3F02 /* Embed Foundation Extensions */ = {
			isa = PBXCopyFilesBuildPhase;
			buildActionMask = 2147483647;
			dstPath = "";
			dstSubfolderSpec = 13;
			files = (
				63686502301BC757000A3F02 /* SatchelShareExtension.appex in Embed Foundation Extensions */,
			);
			name = "Embed Foundation Extensions";
			runOnlyForDeploymentPostprocessing = 0;
		};
		638DB1E22FE8820000A0523F /* Embed Foundation Extensions */ = {
			isa = PBXCopyFilesBuildPhase;
			buildActionMask = 2147483647;
			dstPath = "";
			dstSubfolderSpec = 13;
			files = (
				638DB1DD2FE8820000A0523F /* TraceWidgetExtension.appex in Embed Foundation Extensions */,
			);
			name = "Embed Foundation Extensions";
			runOnlyForDeploymentPostprocessing = 0;
		};
/* End PBXCopyFilesBuildPhase section */

/* Begin PBXFileReference section */
		636863DE300D7848000A3F02 /* Dayflow.app */ = {isa = PBXFileReference; explicitFileType = wrapper.application; includeInIndex = 0; path = Dayflow.app; sourceTree = BUILT_PRODUCTS_DIR; };
		6368645D30131A80000A3F02 /* Jot.app */ = {isa = PBXFileReference; explicitFileType = wrapper.application; includeInIndex = 0; path = Jot.app; sourceTree = BUILT_PRODUCTS_DIR; };
		636864733013C740000A3F02 /* JotWidgetExtension.appex */ = {isa = PBXFileReference; explicitFileType = "wrapper.app-extension"; includeInIndex = 0; path = JotWidgetExtension.appex; sourceTree = BUILT_PRODUCTS_DIR; };
		6368648C3013C923000A3F02 /* JotWidgetExtension.entitlements */ = {isa = PBXFileReference; lastKnownFileType = text.plist.entitlements; path = JotWidgetExtension.entitlements; sourceTree = "<group>"; };
		636864933013DD38000A3F02 /* DayflowWidgetExtension.appex */ = {isa = PBXFileReference; explicitFileType = "wrapper.app-extension"; includeInIndex = 0; path = DayflowWidgetExtension.appex; sourceTree = BUILT_PRODUCTS_DIR; };
		636864B930147846000A3F02 /* DayflowWidgetExtension.entitlements */ = {isa = PBXFileReference; lastKnownFileType = text.plist.entitlements; path = DayflowWidgetExtension.entitlements; sourceTree = "<group>"; };
		636864C430170629000A3F02 /* Satchel.app */ = {isa = PBXFileReference; explicitFileType = wrapper.application; includeInIndex = 0; path = Satchel.app; sourceTree = BUILT_PRODUCTS_DIR; };
		636864F8301BC756000A3F02 /* SatchelShareExtension.appex */ = {isa = PBXFileReference; explicitFileType = "wrapper.app-extension"; includeInIndex = 0; path = SatchelShareExtension.appex; sourceTree = BUILT_PRODUCTS_DIR; };
		638DB1C22FE7852600A0523F /* EventKit.framework */ = {isa = PBXFileReference; lastKnownFileType = wrapper.framework; name = EventKit.framework; path = System/Library/Frameworks/EventKit.framework; sourceTree = SDKROOT; };
		638DB1CA2FE881FF00A0523F /* TraceWidgetExtension.appex */ = {isa = PBXFileReference; explicitFileType = "wrapper.app-extension"; includeInIndex = 0; path = TraceWidgetExtension.appex; sourceTree = BUILT_PRODUCTS_DIR; };
		638DB1CB2FE881FF00A0523F /* WidgetKit.framework */ = {isa = PBXFileReference; lastKnownFileType = wrapper.framework; name = WidgetKit.framework; path = System/Library/Frameworks/WidgetKit.framework; sourceTree = SDKROOT; };
		638DB1CD2FE881FF00A0523F /* SwiftUI.framework */ = {isa = PBXFileReference; lastKnownFileType = wrapper.framework; name = SwiftUI.framework; path = System/Library/Frameworks/SwiftUI.framework; sourceTree = SDKROOT; };
		638DB1E42FE8836200A0523F /* TraceWidgetExtension.entitlements */ = {isa = PBXFileReference; lastKnownFileType = text.plist.entitlements; path = TraceWidgetExtension.entitlements; sourceTree = "<group>"; };
		63DCBCB42FDEF667009EBC1B /* Trace.app */ = {isa = PBXFileReference; explicitFileType = wrapper.application; includeInIndex = 0; path = Trace.app; sourceTree = BUILT_PRODUCTS_DIR; };
		63FF43EB2FEE24B000EAC44A /* Trace.entitlements */ = {isa = PBXFileReference; lastKnownFileType = text.plist.entitlements; path = Trace.entitlements; sourceTree = "<group>"; };
		63FF44122FF7655C00EAC44A /* TraceMac.app */ = {isa = PBXFileReference; explicitFileType = wrapper.application; includeInIndex = 0; path = TraceMac.app; sourceTree = BUILT_PRODUCTS_DIR; };
/* End PBXFileReference section */

/* Begin PBXFileSystemSynchronizedBuildFileExceptionSet section */
		636863EB300D799E000A3F02 /* Exceptions for "Trace" folder in "Dayflow" target */ = {
			isa = PBXFileSystemSynchronizedBuildFileExceptionSet;
			membershipExceptions = (
				CalendarService.swift,
				CaptureSummaryView.swift,
				CheckInBridge.swift,
				CommonsImages.swift,
				Config.swift,
				DayflowFlagStore.swift,
				Endeavor.swift,
				GeofenceManager.swift,
				GooglePlacesService.swift,
				IOSDocumentStore.swift,
				LocationManager.swift,
				MarkdownEditorView.swift,
				MarkdownTextStorage.swift,
				Models.swift,
				NoteStore.swift,
				NotionService.swift,
				ThingsService.swift,
				TraceDocumentModels.swift,
				TraceMacAskService.swift,
				TraceMacSearch.swift,
				TraceMacTextExtraction.swift,
				TraceSatchelHandoff.swift,
				TraceSearchIOS.swift,
				TripLog.swift,
			);
			target = 636863DD300D7848000A3F02 /* Dayflow */;
		};
		6368641D300DE1DF000A3F02 /* Exceptions for "Dayflow" folder in "Dayflow" target */ = {
			isa = PBXFileSystemSynchronizedBuildFileExceptionSet;
			membershipExceptions = (
				Info.plist,
			);
			target = 636863DD300D7848000A3F02 /* Dayflow */;
		};
		6368646D30131C4F000A3F02 /* Exceptions for "Trace" folder in "Jot" target */ = {
			isa = PBXFileSystemSynchronizedBuildFileExceptionSet;
			membershipExceptions = (
				CaptureSummaryView.swift,
				CheckInBridge.swift,
				GeofenceManager.swift,
				GooglePlacesService.swift,
				LocationManager.swift,
				Models.swift,
				NoteStore.swift,
				NotionService.swift,
			);
			target = 6368645C30131A80000A3F02 /* Jot */;
		};
		636864883013C742000A3F02 /* Exceptions for "JotWidget" folder in "JotWidgetExtension" target */ = {
			isa = PBXFileSystemSynchronizedBuildFileExceptionSet;
			membershipExceptions = (
				Info.plist,
			);
			target = 636864723013C740000A3F02 /* JotWidgetExtension */;
		};
		6368648B3013C8E5000A3F02 /* Exceptions for "Trace" folder in "JotWidgetExtension" target */ = {
			isa = PBXFileSystemSynchronizedBuildFileExceptionSet;
			membershipExceptions = (
				NoteStore.swift,
			);
			target = 636864723013C740000A3F02 /* JotWidgetExtension */;
		};
		6368648E3013C97F000A3F02 /* Exceptions for "Jot" folder in "Jot" target */ = {
			isa = PBXFileSystemSynchronizedBuildFileExceptionSet;
			membershipExceptions = (
				Info.plist,
			);
			target = 6368645C30131A80000A3F02 /* Jot */;
		};
		636864A43013DD3A000A3F02 /* Exceptions for "DayflowWidget" folder in "DayflowWidgetExtension" target */ = {
			isa = PBXFileSystemSynchronizedBuildFileExceptionSet;
			membershipExceptions = (
				Info.plist,
			);
			target = 636864923013DD38000A3F02 /* DayflowWidgetExtension */;
		};
		636864A73013DE54000A3F02 /* Exceptions for "Trace" folder in "DayflowWidgetExtension" target */ = {
			isa = PBXFileSystemSynchronizedBuildFileExceptionSet;
			membershipExceptions = (
				CalendarService.swift,
				CheckInBridge.swift,
			);
			target = 636864923013DD38000A3F02 /* DayflowWidgetExtension */;
		};
		636864D13017079B000A3F02 /* Exceptions for "Satchel" folder in "Satchel" target */ = {
			isa = PBXFileSystemSynchronizedBuildFileExceptionSet;
			membershipExceptions = (
				Info.plist,
			);
			target = 636864C330170629000A3F02 /* Satchel */;
		};
		636864D3301708CF000A3F02 /* Exceptions for "Trace" folder in "Satchel" target */ = {
			isa = PBXFileSystemSynchronizedBuildFileExceptionSet;
			membershipExceptions = (
				AppGroup.swift,
				Config.swift,
				IOSDocumentScanService.swift,
				IOSDocumentStore.swift,
				NoteStore.swift,
				TraceDocumentModels.swift,
				TraceMacTextExtraction.swift,
			);
			target = 636864C330170629000A3F02 /* Satchel */;
		};
		63686506301BC757000A3F02 /* Exceptions for "SatchelShareExtension" folder in "SatchelShareExtension" target */ = {
			isa = PBXFileSystemSynchronizedBuildFileExceptionSet;
			membershipExceptions = (
				Info.plist,
			);
			target = 636864F7301BC756000A3F02 /* SatchelShareExtension */;
		};
		6368650C301BD4D0000A3F02 /* Exceptions for "Trace" folder in "SatchelShareExtension" target */ = {
			isa = PBXFileSystemSynchronizedBuildFileExceptionSet;
			membershipExceptions = (
				AppGroup.swift,
			);
			target = 636864F7301BC756000A3F02 /* SatchelShareExtension */;
		};
		638DB08E2FE252C700A0523F /* Exceptions for "Trace" folder in "Trace" target */ = {
			isa = PBXFileSystemSynchronizedBuildFileExceptionSet;
			membershipExceptions = (
				Info.plist,
			);
			target = 63DCBCB32FDEF667009EBC1B /* Trace */;
		};
		638DB1E12FE8820000A0523F /* Exceptions for "TraceWidget" folder in "TraceWidgetExtension" target */ = {
			isa = PBXFileSystemSynchronizedBuildFileExceptionSet;
			membershipExceptions = (
				Info.plist,
			);
			target = 638DB1C92FE881FF00A0523F /* TraceWidgetExtension */;
		};
		63FF441F2FF766E200EAC44A /* Exceptions for "Trace" folder in "TraceMac" target */ = {
			isa = PBXFileSystemSynchronizedBuildFileExceptionSet;
			membershipExceptions = (
				BilliardsScanService.swift,
				CheckInBridge.swift,
				CommonsImages.swift,
				DayflowFlagStore.swift,
				Endeavor.swift,
				GeofenceManager.swift,
				GooglePlacesService.swift,
				Models.swift,
				NoteStore.swift,
				NotionService.swift,
				OTScanService.swift,
				PlaceHelpers.swift,
				TraceDocumentModels.swift,
				TraceMacAskService.swift,
				TraceMacSearch.swift,
				TraceMacTextExtraction.swift,
				TripLog.swift,
			);
			target = 63FF44112FF7655C00EAC44A /* TraceMac */;
		};
		63FF44202FF766E300EAC44A /* Exceptions for "TraceMac" folder in "TraceMac" target */ = {
			isa = PBXFileSystemSynchronizedBuildFileExceptionSet;
			membershipExceptions = (
				Info.plist,
			);
			target = 63FF44112FF7655C00EAC44A /* TraceMac */;
		};
/* End PBXFileSystemSynchronizedBuildFileExceptionSet section */

/* Begin PBXFileSystemSynchronizedRootGroup section */
		636863DF300D7848000A3F02 /* Dayflow */ = {
			isa = PBXFileSystemSynchronizedRootGroup;
			exceptions = (
				6368641D300DE1DF000A3F02 /* Exceptions for "Dayflow" folder in "Dayflow" target */,
			);
			path = Dayflow;
			sourceTree = "<group>";
		};
		6368645E30131A80000A3F02 /* Jot */ = {
			isa = PBXFileSystemSynchronizedRootGroup;
			exceptions = (
				6368648E3013C97F000A3F02 /* Exceptions for "Jot" folder in "Jot" target */,
			);
			path = Jot;
			sourceTree = "<group>";
		};
		636864763013C740000A3F02 /* JotWidget */ = {
			isa = PBXFileSystemSynchronizedRootGroup;
			exceptions = (
				636864883013C742000A3F02 /* Exceptions for "JotWidget" folder in "JotWidgetExtension" target */,
			);
			path = JotWidget;
			sourceTree = "<group>";
		};
		636864963013DD38000A3F02 /* DayflowWidget */ = {
			isa = PBXFileSystemSynchronizedRootGroup;
			exceptions = (
				636864A43013DD3A000A3F02 /* Exceptions for "DayflowWidget" folder in "DayflowWidgetExtension" target */,
			);
			path = DayflowWidget;
			sourceTree = "<group>";
		};
		636864C530170629000A3F02 /* Satchel */ = {
			isa = PBXFileSystemSynchronizedRootGroup;
			exceptions = (
				636864D13017079B000A3F02 /* Exceptions for "Satchel" folder in "Satchel" target */,
			);
			path = Satchel;
			sourceTree = "<group>";
		};
		636864F9301BC756000A3F02 /* SatchelShareExtension */ = {
			isa = PBXFileSystemSynchronizedRootGroup;
			exceptions = (
				63686506301BC757000A3F02 /* Exceptions for "SatchelShareExtension" folder in "SatchelShareExtension" target */,
			);
			path = SatchelShareExtension;
			sourceTree = "<group>";
		};
		638DB1CF2FE881FF00A0523F /* TraceWidget */ = {
			isa = PBXFileSystemSynchronizedRootGroup;
			exceptions = (
				638DB1E12FE8820000A0523F /* Exceptions for "TraceWidget" folder in "TraceWidgetExtension" target */,
			);
			path = TraceWidget;
			sourceTree = "<group>";
		};
		63DCBCB62FDEF667009EBC1B /* Trace */ = {
			isa = PBXFileSystemSynchronizedRootGroup;
			exceptions = (
				638DB08E2FE252C700A0523F /* Exceptions for "Trace" folder in "Trace" target */,
				636863EB300D799E000A3F02 /* Exceptions for "Trace" folder in "Dayflow" target */,
				636864A73013DE54000A3F02 /* Exceptions for "Trace" folder in "DayflowWidgetExtension" target */,
				636864D3301708CF000A3F02 /* Exceptions for "Trace" folder in "Satchel" target */,
				6368650C301BD4D0000A3F02 /* Exceptions for "Trace" folder in "SatchelShareExtension" target */,
				6368646D30131C4F000A3F02 /* Exceptions for "Trace" folder in "Jot" target */,
				6368648B3013C8E5000A3F02 /* Exceptions for "Trace" folder in "JotWidgetExtension" target */,
				63FF441F2FF766E200EAC44A /* Exceptions for "Trace" folder in "TraceMac" target */,
			);
			path = Trace;
			sourceTree = "<group>";
		};
		63FF43F92FF1E4C500EAC44A /* TraceShareExtension */ = {
			isa = PBXFileSystemSynchronizedRootGroup;
			path = TraceShareExtension;
			sourceTree = "<group>";
		};
		63FF44132FF7655C00EAC44A /* TraceMac */ = {
			isa = PBXFileSystemSynchronizedRootGroup;
			exceptions = (
				63FF44202FF766E300EAC44A /* Exceptions for "TraceMac" folder in "TraceMac" target */,
			);
			path = TraceMac;
			sourceTree = "<group>";
		};
/* End PBXFileSystemSynchronizedRootGroup section */

/* Begin PBXFrameworksBuildPhase section */
		636863DB300D7848000A3F02 /* Frameworks */ = {
			isa = PBXFrameworksBuildPhase;
			buildActionMask = 2147483647;
			files = (
			);
			runOnlyForDeploymentPostprocessing = 0;
		};
		6368645A30131A80000A3F02 /* Frameworks */ = {
			isa = PBXFrameworksBuildPhase;
			buildActionMask = 2147483647;
			files = (
			);
			runOnlyForDeploymentPostprocessing = 0;
		};
		636864703013C740000A3F02 /* Frameworks */ = {
			isa = PBXFrameworksBuildPhase;
			buildActionMask = 2147483647;
			files = (
				636864753013C740000A3F02 /* SwiftUI.framework in Frameworks */,
				636864743013C740000A3F02 /* WidgetKit.framework in Frameworks */,
			);
			runOnlyForDeploymentPostprocessing = 0;
		};
		636864903013DD38000A3F02 /* Frameworks */ = {
			isa = PBXFrameworksBuildPhase;
			buildActionMask = 2147483647;
			files = (
				636864953013DD38000A3F02 /* SwiftUI.framework in Frameworks */,
				636864943013DD38000A3F02 /* WidgetKit.framework in Frameworks */,
			);
			runOnlyForDeploymentPostprocessing = 0;
		};
		636864C130170629000A3F02 /* Frameworks */ = {
			isa = PBXFrameworksBuildPhase;
			buildActionMask = 2147483647;
			files = (
			);
			runOnlyForDeploymentPostprocessing = 0;
		};
		636864F5301BC756000A3F02 /* Frameworks */ = {
			isa = PBXFrameworksBuildPhase;
			buildActionMask = 2147483647;
			files = (
			);
			runOnlyForDeploymentPostprocessing = 0;
		};
		638DB1C72FE881FF00A0523F /* Frameworks */ = {
			isa = PBXFrameworksBuildPhase;
			buildActionMask = 2147483647;
			files = (
				638DB1CE2FE881FF00A0523F /* SwiftUI.framework in Frameworks */,
				638DB1CC2FE881FF00A0523F /* WidgetKit.framework in Frameworks */,
			);
			runOnlyForDeploymentPostprocessing = 0;
		};
		63DCBCB12FDEF667009EBC1B /* Frameworks */ = {
			isa = PBXFrameworksBuildPhase;
			buildActionMask = 2147483647;
			files = (
				638DB1C32FE7852600A0523F /* EventKit.framework in Frameworks */,
			);
			runOnlyForDeploymentPostprocessing = 0;
		};
		63FF440F2FF7655C00EAC44A /* Frameworks */ = {
			isa = PBXFrameworksBuildPhase;
			buildActionMask = 2147483647;
			files = (
			);
			runOnlyForDeploymentPostprocessing = 0;
		};
/* End PBXFrameworksBuildPhase section */

/* Begin PBXGroup section */
		638DB1C12FE7852500A0523F /* Frameworks */ = {
			isa = PBXGroup;
			children = (
				638DB1C22FE7852600A0523F /* EventKit.framework */,
				638DB1CB2FE881FF00A0523F /* WidgetKit.framework */,
				638DB1CD2FE881FF00A0523F /* SwiftUI.framework */,
			);
			name = Frameworks;
			sourceTree = "<group>";
		};
		63DCBCAB2FDEF667009EBC1B = {
			isa = PBXGroup;
			children = (
				636864B930147846000A3F02 /* DayflowWidgetExtension.entitlements */,
				6368648C3013C923000A3F02 /* JotWidgetExtension.entitlements */,
				63FF43EB2FEE24B000EAC44A /* Trace.entitlements */,
				638DB1E42FE8836200A0523F /* TraceWidgetExtension.entitlements */,
				63DCBCB62FDEF667009EBC1B /* Trace */,
				638DB1CF2FE881FF00A0523F /* TraceWidget */,
				63FF43F92FF1E4C500EAC44A /* TraceShareExtension */,
				63FF44132FF7655C00EAC44A /* TraceMac */,
				636863DF300D7848000A3F02 /* Dayflow */,
				6368645E30131A80000A3F02 /* Jot */,
				636864763013C740000A3F02 /* JotWidget */,
				636864963013DD38000A3F02 /* DayflowWidget */,
				636864C530170629000A3F02 /* Satchel */,
				636864F9301BC756000A3F02 /* SatchelShareExtension */,
				638DB1C12FE7852500A0523F /* Frameworks */,
				63DCBCB52FDEF667009EBC1B /* Products */,
			);
			sourceTree = "<group>";
		};
		63DCBCB52FDEF667009EBC1B /* Products */ = {
			isa = PBXGroup;
			children = (
				63DCBCB42FDEF667009EBC1B /* Trace.app */,
				638DB1CA2FE881FF00A0523F /* TraceWidgetExtension.appex */,
				63FF44122FF7655C00EAC44A /* TraceMac.app */,
				636863DE300D7848000A3F02 /* Dayflow.app */,
				6368645D30131A80000A3F02 /* Jot.app */,
				636864733013C740000A3F02 /* JotWidgetExtension.appex */,
				636864933013DD38000A3F02 /* DayflowWidgetExtension.appex */,
				636864C430170629000A3F02 /* Satchel.app */,
				636864F8301BC756000A3F02 /* SatchelShareExtension.appex */,
			);
			name = Products;
			sourceTree = "<group>";
		};
/* End PBXGroup section */

/* Begin PBXNativeTarget section */
		636863DD300D7848000A3F02 /* Dayflow */ = {
			isa = PBXNativeTarget;
			buildConfigurationList = 636863E6300D7849000A3F02 /* Build configuration list for PBXNativeTarget "Dayflow" */;
			buildPhases = (
				636863DA300D7848000A3F02 /* Sources */,
				636863DB300D7848000A3F02 /* Frameworks */,
				636863DC300D7848000A3F02 /* Resources */,
				636864A53013DD3A000A3F02 /* Embed Foundation Extensions */,
			);
			buildRules = (
			);
			dependencies = (
				6368649F3013DD3A000A3F02 /* PBXTargetDependency */,
			);
			fileSystemSynchronizedGroups = (
				636863DF300D7848000A3F02 /* Dayflow */,
			);
			name = Dayflow;
			packageProductDependencies = (
			);
			productName = Dayflow;
			productReference = 636863DE300D7848000A3F02 /* Dayflow.app */;
			productType = "com.apple.product-type.application";
		};
		6368645C30131A80000A3F02 /* Jot */ = {
			isa = PBXNativeTarget;
			buildConfigurationList = 6368646530131A82000A3F02 /* Build configuration list for PBXNativeTarget "Jot" */;
			buildPhases = (
				6368645930131A80000A3F02 /* Sources */,
				6368645A30131A80000A3F02 /* Frameworks */,
				6368645B30131A80000A3F02 /* Resources */,
				636864893013C742000A3F02 /* Embed Foundation Extensions */,
			);
			buildRules = (
			);
			dependencies = (
				636864833013C742000A3F02 /* PBXTargetDependency */,
			);
			fileSystemSynchronizedGroups = (
				6368645E30131A80000A3F02 /* Jot */,
			);
			name = Jot;
			packageProductDependencies = (
			);
			productName = Jot;
			productReference = 6368645D30131A80000A3F02 /* Jot.app */;
			productType = "com.apple.product-type.application";
		};
		636864723013C740000A3F02 /* JotWidgetExtension */ = {
			isa = PBXNativeTarget;
			buildConfigurationList = 636864853013C742000A3F02 /* Build configuration list for PBXNativeTarget "JotWidgetExtension" */;
			buildPhases = (
				6368646F3013C740000A3F02 /* Sources */,
				636864703013C740000A3F02 /* Frameworks */,
				636864713013C740000A3F02 /* Resources */,
			);
			buildRules = (
			);
			dependencies = (
			);
			fileSystemSynchronizedGroups = (
				636864763013C740000A3F02 /* JotWidget */,
			);
			name = JotWidgetExtension;
			packageProductDependencies = (
			);
			productName = JotWidgetExtension;
			productReference = 636864733013C740000A3F02 /* JotWidgetExtension.appex */;
			productType = "com.apple.product-type.app-extension";
		};
		636864923013DD38000A3F02 /* DayflowWidgetExtension */ = {
			isa = PBXNativeTarget;
			buildConfigurationList = 636864A13013DD3A000A3F02 /* Build configuration list for PBXNativeTarget "DayflowWidgetExtension" */;
			buildPhases = (
				6368648F3013DD38000A3F02 /* Sources */,
				636864903013DD38000A3F02 /* Frameworks */,
				636864913013DD38000A3F02 /* Resources */,
			);
			buildRules = (
			);
			dependencies = (
			);
			fileSystemSynchronizedGroups = (
				636864963013DD38000A3F02 /* DayflowWidget */,
			);
			name = DayflowWidgetExtension;
			packageProductDependencies = (
			);
			productName = DayflowWidgetExtension;
			productReference = 636864933013DD38000A3F02 /* DayflowWidgetExtension.appex */;
			productType = "com.apple.product-type.app-extension";
		};
		636864C330170629000A3F02 /* Satchel */ = {
			isa = PBXNativeTarget;
			buildConfigurationList = 636864CC3017062A000A3F02 /* Build configuration list for PBXNativeTarget "Satchel" */;
			buildPhases = (
				636864C030170629000A3F02 /* Sources */,
				636864C130170629000A3F02 /* Frameworks */,
				636864C230170629000A3F02 /* Resources */,
				63686507301BC757000A3F02 /* Embed Foundation Extensions */,
			);
			buildRules = (
			);
			dependencies = (
				63686501301BC757000A3F02 /* PBXTargetDependency */,
			);
			fileSystemSynchronizedGroups = (
				636864C530170629000A3F02 /* Satchel */,
			);
			name = Satchel;
			packageProductDependencies = (
			);
			productName = Satchel;
			productReference = 636864C430170629000A3F02 /* Satchel.app */;
			productType = "com.apple.product-type.application";
		};
		636864F7301BC756000A3F02 /* SatchelShareExtension */ = {
			isa = PBXNativeTarget;
			buildConfigurationList = 63686503301BC757000A3F02 /* Build configuration list for PBXNativeTarget "SatchelShareExtension" */;
			buildPhases = (
				636864F4301BC756000A3F02 /* Sources */,
				636864F5301BC756000A3F02 /* Frameworks */,
				636864F6301BC756000A3F02 /* Resources */,
			);
			buildRules = (
			);
			dependencies = (
			);
			fileSystemSynchronizedGroups = (
				636864F9301BC756000A3F02 /* SatchelShareExtension */,
			);
			name = SatchelShareExtension;
			packageProductDependencies = (
			);
			productName = SatchelShareExtension;
			productReference = 636864F8301BC756000A3F02 /* SatchelShareExtension.appex */;
			productType = "com.apple.product-type.app-extension";
		};
		638DB1C92FE881FF00A0523F /* TraceWidgetExtension */ = {
			isa = PBXNativeTarget;
			buildConfigurationList = 638DB1DE2FE8820000A0523F /* Build configuration list for PBXNativeTarget "TraceWidgetExtension" */;
			buildPhases = (
				638DB1C62FE881FF00A0523F /* Sources */,
				638DB1C72FE881FF00A0523F /* Frameworks */,
				638DB1C82FE881FF00A0523F /* Resources */,
			);
			buildRules = (
			);
			dependencies = (
			);
			fileSystemSynchronizedGroups = (
				638DB1CF2FE881FF00A0523F /* TraceWidget */,
			);
			name = TraceWidgetExtension;
			packageProductDependencies = (
			);
			productName = TraceWidgetExtension;
			productReference = 638DB1CA2FE881FF00A0523F /* TraceWidgetExtension.appex */;
			productType = "com.apple.product-type.app-extension";
		};
		63DCBCB32FDEF667009EBC1B /* Trace */ = {
			isa = PBXNativeTarget;
			buildConfigurationList = 63DCBCBF2FDEF669009EBC1B /* Build configuration list for PBXNativeTarget "Trace" */;
			buildPhases = (
				63DCBCB02FDEF667009EBC1B /* Sources */,
				63DCBCB12FDEF667009EBC1B /* Frameworks */,
				63DCBCB22FDEF667009EBC1B /* Resources */,
				638DB1E22FE8820000A0523F /* Embed Foundation Extensions */,
			);
			buildRules = (
			);
			dependencies = (
				638DB1DC2FE8820000A0523F /* PBXTargetDependency */,
			);
			fileSystemSynchronizedGroups = (
				63DCBCB62FDEF667009EBC1B /* Trace */,
			);
			name = Trace;
			packageProductDependencies = (
			);
			productName = Trace;
			productReference = 63DCBCB42FDEF667009EBC1B /* Trace.app */;
			productType = "com.apple.product-type.application";
		};
		63FF44112FF7655C00EAC44A /* TraceMac */ = {
			isa = PBXNativeTarget;
			buildConfigurationList = 63FF441A2FF7655E00EAC44A /* Build configuration list for PBXNativeTarget "TraceMac" */;
			buildPhases = (
				63FF440E2FF7655C00EAC44A /* Sources */,
				63FF440F2FF7655C00EAC44A /* Frameworks */,
				63FF44102FF7655C00EAC44A /* Resources */,
			);
			buildRules = (
			);
			dependencies = (
			);
			fileSystemSynchronizedGroups = (
				63FF44132FF7655C00EAC44A /* TraceMac */,
			);
			name = TraceMac;
			packageProductDependencies = (
			);
			productName = TraceMac;
			productReference = 63FF44122FF7655C00EAC44A /* TraceMac.app */;
			productType = "com.apple.product-type.application";
		};
/* End PBXNativeTarget section */

/* Begin PBXProject section */
		63DCBCAC2FDEF667009EBC1B /* Project object */ = {
			isa = PBXProject;
			attributes = {
				BuildIndependentTargetsInParallel = 1;
				LastSwiftUpdateCheck = 2660;
				LastUpgradeCheck = 2650;
				TargetAttributes = {
					636863DD300D7848000A3F02 = {
						CreatedOnToolsVersion = 26.6;
					};
					6368645C30131A80000A3F02 = {
						CreatedOnToolsVersion = 26.6;
						LastSwiftMigration = 2660;
					};
					636864723013C740000A3F02 = {
						CreatedOnToolsVersion = 26.6;
					};
					636864923013DD38000A3F02 = {
						CreatedOnToolsVersion = 26.6;
					};
					636864C330170629000A3F02 = {
						CreatedOnToolsVersion = 26.6;
					};
					636864F7301BC756000A3F02 = {
						CreatedOnToolsVersion = 26.6;
					};
					638DB1C92FE881FF00A0523F = {
						CreatedOnToolsVersion = 26.5;
					};
					63DCBCB32FDEF667009EBC1B = {
						CreatedOnToolsVersion = 26.5;
					};
					63FF44112FF7655C00EAC44A = {
						CreatedOnToolsVersion = 26.5;
					};
				};
			};
			buildConfigurationList = 63DCBCAF2FDEF667009EBC1B /* Build configuration list for PBXProject "Trace" */;
			developmentRegion = en;
			hasScannedForEncodings = 0;
			knownRegions = (
				en,
				Base,
			);
			mainGroup = 63DCBCAB2FDEF667009EBC1B;
			minimizedProjectReferenceProxies = 1;
			preferredProjectObjectVersion = 77;
			productRefGroup = 63DCBCB52FDEF667009EBC1B /* Products */;
			projectDirPath = "";
			projectRoot = "";
			targets = (
				63DCBCB32FDEF667009EBC1B /* Trace */,
				638DB1C92FE881FF00A0523F /* TraceWidgetExtension */,
				636863DD300D7848000A3F02 /* Dayflow */,
				636864923013DD38000A3F02 /* DayflowWidgetExtension */,
				636864C330170629000A3F02 /* Satchel */,
				636864F7301BC756000A3F02 /* SatchelShareExtension */,
				6368645C30131A80000A3F02 /* Jot */,
				636864723013C740000A3F02 /* JotWidgetExtension */,
				63FF44112FF7655C00EAC44A /* TraceMac */,
			);
		};
/* End PBXProject section */

/* Begin PBXResourcesBuildPhase section */
		636863DC300D7848000A3F02 /* Resources */ = {
			isa = PBXResourcesBuildPhase;
			buildActionMask = 2147483647;
			files = (
			);
			runOnlyForDeploymentPostprocessing = 0;
		};
		6368645B30131A80000A3F02 /* Resources */ = {
			isa = PBXResourcesBuildPhase;
			buildActionMask = 2147483647;
			files = (
			);
			runOnlyForDeploymentPostprocessing = 0;
		};
		636864713013C740000A3F02 /* Resources */ = {
			isa = PBXResourcesBuildPhase;
			buildActionMask = 2147483647;
			files = (
			);
			runOnlyForDeploymentPostprocessing = 0;
		};
		636864913013DD38000A3F02 /* Resources */ = {
			isa = PBXResourcesBuildPhase;
			buildActionMask = 2147483647;
			files = (
			);
			runOnlyForDeploymentPostprocessing = 0;
		};
		636864C230170629000A3F02 /* Resources */ = {
			isa = PBXResourcesBuildPhase;
			buildActionMask = 2147483647;
			files = (
			);
			runOnlyForDeploymentPostprocessing = 0;
		};
		636864F6301BC756000A3F02 /* Resources */ = {
			isa = PBXResourcesBuildPhase;
			buildActionMask = 2147483647;
			files = (
			);
			runOnlyForDeploymentPostprocessing = 0;
		};
		638DB1C82FE881FF00A0523F /* Resources */ = {
			isa = PBXResourcesBuildPhase;
			buildActionMask = 2147483647;
			files = (
			);
			runOnlyForDeploymentPostprocessing = 0;
		};
		63DCBCB22FDEF667009EBC1B /* Resources */ = {
			isa = PBXResourcesBuildPhase;
			buildActionMask = 2147483647;
			files = (
			);
			runOnlyForDeploymentPostprocessing = 0;
		};
		63FF44102FF7655C00EAC44A /* Resources */ = {
			isa = PBXResourcesBuildPhase;
			buildActionMask = 2147483647;
			files = (
			);
			runOnlyForDeploymentPostprocessing = 0;
		};
/* End PBXResourcesBuildPhase section */

/* Begin PBXSourcesBuildPhase section */
		636863DA300D7848000A3F02 /* Sources */ = {
			isa = PBXSourcesBuildPhase;
			buildActionMask = 2147483647;
			files = (
			);
			runOnlyForDeploymentPostprocessing = 0;
		};
		6368645930131A80000A3F02 /* Sources */ = {
			isa = PBXSourcesBuildPhase;
			buildActionMask = 2147483647;
			files = (
			);
			runOnlyForDeploymentPostprocessing = 0;
		};
		6368646F3013C740000A3F02 /* Sources */ = {
			isa = PBXSourcesBuildPhase;
			buildActionMask = 2147483647;
			files = (
			);
			runOnlyForDeploymentPostprocessing = 0;
		};
		6368648F3013DD38000A3F02 /* Sources */ = {
			isa = PBXSourcesBuildPhase;
			buildActionMask = 2147483647;
			files = (
			);
			runOnlyForDeploymentPostprocessing = 0;
		};
		636864C030170629000A3F02 /* Sources */ = {
			isa = PBXSourcesBuildPhase;
			buildActionMask = 2147483647;
			files = (
			);
			runOnlyForDeploymentPostprocessing = 0;
		};
		636864F4301BC756000A3F02 /* Sources */ = {
			isa = PBXSourcesBuildPhase;
			buildActionMask = 2147483647;
			files = (
			);
			runOnlyForDeploymentPostprocessing = 0;
		};
		638DB1C62FE881FF00A0523F /* Sources */ = {
			isa = PBXSourcesBuildPhase;
			buildActionMask = 2147483647;
			files = (
			);
			runOnlyForDeploymentPostprocessing = 0;
		};
		63DCBCB02FDEF667009EBC1B /* Sources */ = {
			isa = PBXSourcesBuildPhase;
			buildActionMask = 2147483647;
			files = (
			);
			runOnlyForDeploymentPostprocessing = 0;
		};
		63FF440E2FF7655C00EAC44A /* Sources */ = {
			isa = PBXSourcesBuildPhase;
			buildActionMask = 2147483647;
			files = (
			);
			runOnlyForDeploymentPostprocessing = 0;
		};
/* End PBXSourcesBuildPhase section */

/* Begin PBXTargetDependency section */
		636864833013C742000A3F02 /* PBXTargetDependency */ = {
			isa = PBXTargetDependency;
			target = 636864723013C740000A3F02 /* JotWidgetExtension */;
			targetProxy = 636864823013C742000A3F02 /* PBXContainerItemProxy */;
		};
		6368649F3013DD3A000A3F02 /* PBXTargetDependency */ = {
			isa = PBXTargetDependency;
			target = 636864923013DD38000A3F02 /* DayflowWidgetExtension */;
			targetProxy = 6368649E3013DD3A000A3F02 /* PBXContainerItemProxy */;
		};
		63686501301BC757000A3F02 /* PBXTargetDependency */ = {
			isa = PBXTargetDependency;
			target = 636864F7301BC756000A3F02 /* SatchelShareExtension */;
			targetProxy = 63686500301BC757000A3F02 /* PBXContainerItemProxy */;
		};
		638DB1DC2FE8820000A0523F /* PBXTargetDependency */ = {
			isa = PBXTargetDependency;
			target = 638DB1C92FE881FF00A0523F /* TraceWidgetExtension */;
			targetProxy = 638DB1DB2FE8820000A0523F /* PBXContainerItemProxy */;
		};
/* End PBXTargetDependency section */

/* Begin XCBuildConfiguration section */
		636863E7300D7849000A3F02 /* Debug */ = {
			isa = XCBuildConfiguration;
			buildSettings = {
				ASSETCATALOG_COMPILER_APPICON_NAME = AppIcon;
				ASSETCATALOG_COMPILER_GLOBAL_ACCENT_COLOR_NAME = AccentColor;
				CODE_SIGN_ENTITLEMENTS = Dayflow/Dayflow.entitlements;
				CODE_SIGN_STYLE = Automatic;
				CURRENT_PROJECT_VERSION = 42;
				DEVELOPMENT_TEAM = KZFRL4A856;
				ENABLE_PREVIEWS = YES;
				GENERATE_INFOPLIST_FILE = YES;
				INFOPLIST_FILE = Dayflow/Info.plist;
				INFOPLIST_KEY_LSApplicationCategoryType = "";
				INFOPLIST_KEY_NSCalendarsFullAccessUsageDescription = "Dayflow uses your calendar to show today's events alongside your tasks in the Agenda";
				INFOPLIST_KEY_NSCalendarsUsageDescription = "Dayflow uses your calendar to show today's events alongside your tasks in the Agenda";
				INFOPLIST_KEY_NSLocationWhenInUseUsageDescription = "Used to tag Quick Pin notes with your current location";
				INFOPLIST_KEY_NSRemindersUsageDescription = "Dayflow adds reminders for trips that are about to start.";
				INFOPLIST_KEY_UIApplicationSceneManifest_Generation = YES;
				INFOPLIST_KEY_UIApplicationSupportsIndirectInputEvents = YES;
				INFOPLIST_KEY_UILaunchScreen_Generation = YES;
				INFOPLIST_KEY_UISupportedInterfaceOrientations_iPad = "UIInterfaceOrientationPortrait UIInterfaceOrientationPortraitUpsideDown UIInterfaceOrientationLandscapeLeft UIInterfaceOrientationLandscapeRight";
				INFOPLIST_KEY_UISupportedInterfaceOrientations_iPhone = "UIInterfaceOrientationPortrait UIInterfaceOrientationLandscapeLeft UIInterfaceOrientationLandscapeRight";
				LD_RUNPATH_SEARCH_PATHS = (
					"$(inherited)",
					"@executable_path/Frameworks",
				);
				MARKETING_VERSION = 1;
				PRODUCT_BUNDLE_IDENTIFIER = com.david.Dayflow;
				PRODUCT_NAME = "$(TARGET_NAME)";
				STRING_CATALOG_GENERATE_SYMBOLS = YES;
				SWIFT_APPROACHABLE_CONCURRENCY = YES;
				SWIFT_DEFAULT_ACTOR_ISOLATION = MainActor;
				SWIFT_EMIT_LOC_STRINGS = YES;
				SWIFT_UPCOMING_FEATURE_MEMBER_IMPORT_VISIBILITY = YES;
				SWIFT_VERSION = 5.0;
				TARGETED_DEVICE_FAMILY = "1,2";
			};
			name = Debug;
		};
		636863E8300D7849000A3F02 /* Release */ = {
			isa = XCBuildConfiguration;
			buildSettings = {
				ASSETCATALOG_COMPILER_APPICON_NAME = AppIcon;
				ASSETCATALOG_COMPILER_GLOBAL_ACCENT_COLOR_NAME = AccentColor;
				CODE_SIGN_ENTITLEMENTS = Dayflow/Dayflow.entitlements;
				CODE_SIGN_STYLE = Automatic;
				CURRENT_PROJECT_VERSION = 42;
				DEVELOPMENT_TEAM = KZFRL4A856;
				ENABLE_PREVIEWS = YES;
				GENERATE_INFOPLIST_FILE = YES;
				INFOPLIST_FILE = Dayflow/Info.plist;
				INFOPLIST_KEY_LSApplicationCategoryType = "";
				INFOPLIST_KEY_NSCalendarsFullAccessUsageDescription = "Dayflow uses your calendar to show today's events alongside your tasks in the Agenda";
				INFOPLIST_KEY_NSCalendarsUsageDescription = "Dayflow uses your calendar to show today's events alongside your tasks in the Agenda";
				INFOPLIST_KEY_NSLocationWhenInUseUsageDescription = "Used to tag Quick Pin notes with your current location";
				INFOPLIST_KEY_NSRemindersUsageDescription = "Dayflow adds reminders for trips that are about to start.";
				INFOPLIST_KEY_UIApplicationSceneManifest_Generation = YES;
				INFOPLIST_KEY_UIApplicationSupportsIndirectInputEvents = YES;
				INFOPLIST_KEY_UILaunchScreen_Generation = YES;
				INFOPLIST_KEY_UISupportedInterfaceOrientations_iPad = "UIInterfaceOrientationPortrait UIInterfaceOrientationPortraitUpsideDown UIInterfaceOrientationLandscapeLeft UIInterfaceOrientationLandscapeRight";
				INFOPLIST_KEY_UISupportedInterfaceOrientations_iPhone = "UIInterfaceOrientationPortrait UIInterfaceOrientationLandscapeLeft UIInterfaceOrientationLandscapeRight";
				LD_RUNPATH_SEARCH_PATHS = (
					"$(inherited)",
					"@executable_path/Frameworks",
				);
				MARKETING_VERSION = 1;
				PRODUCT_BUNDLE_IDENTIFIER = com.david.Dayflow;
				PRODUCT_NAME = "$(TARGET_NAME)";
				STRING_CATALOG_GENERATE_SYMBOLS = YES;
				SWIFT_APPROACHABLE_CONCURRENCY = YES;
				SWIFT_DEFAULT_ACTOR_ISOLATION = MainActor;
				SWIFT_EMIT_LOC_STRINGS = YES;
				SWIFT_UPCOMING_FEATURE_MEMBER_IMPORT_VISIBILITY = YES;
				SWIFT_VERSION = 5.0;
				TARGETED_DEVICE_FAMILY = "1,2";
			};
			name = Release;
		};
		6368646630131A82000A3F02 /* Debug */ = {
			isa = XCBuildConfiguration;
			buildSettings = {
				ASSETCATALOG_COMPILER_APPICON_NAME = AppIcon;
				ASSETCATALOG_COMPILER_GLOBAL_ACCENT_COLOR_NAME = AccentColor;
				CLANG_ENABLE_MODULES = YES;
				CODE_SIGN_ENTITLEMENTS = Jot/Jot.entitlements;
				CODE_SIGN_STYLE = Automatic;
				CURRENT_PROJECT_VERSION = 9;
				DEVELOPMENT_TEAM = KZFRL4A856;
				ENABLE_PREVIEWS = YES;
				GENERATE_INFOPLIST_FILE = YES;
				INFOPLIST_FILE = Jot/Info.plist;
				INFOPLIST_KEY_LSApplicationCategoryType = "";
				INFOPLIST_KEY_NSLocationWhenInUseUsageDescription = "Used to tag Quick Pin notes with your current location";
				INFOPLIST_KEY_UIApplicationSceneManifest_Generation = YES;
				INFOPLIST_KEY_UIApplicationSupportsIndirectInputEvents = YES;
				INFOPLIST_KEY_UILaunchScreen_Generation = YES;
				INFOPLIST_KEY_UISupportedInterfaceOrientations_iPad = "UIInterfaceOrientationPortrait UIInterfaceOrientationPortraitUpsideDown UIInterfaceOrientationLandscapeLeft UIInterfaceOrientationLandscapeRight";
				INFOPLIST_KEY_UISupportedInterfaceOrientations_iPhone = "UIInterfaceOrientationPortrait UIInterfaceOrientationLandscapeLeft UIInterfaceOrientationLandscapeRight";
				LD_RUNPATH_SEARCH_PATHS = (
					"$(inherited)",
					"@executable_path/Frameworks",
				);
				MARKETING_VERSION = 1.0;
				PRODUCT_BUNDLE_IDENTIFIER = com.david.Jot;
				PRODUCT_NAME = "$(TARGET_NAME)";
				STRING_CATALOG_GENERATE_SYMBOLS = YES;
				SWIFT_APPROACHABLE_CONCURRENCY = YES;
				SWIFT_DEFAULT_ACTOR_ISOLATION = MainActor;
				SWIFT_EMIT_LOC_STRINGS = YES;
				SWIFT_OPTIMIZATION_LEVEL = "-Onone";
				SWIFT_UPCOMING_FEATURE_MEMBER_IMPORT_VISIBILITY = YES;
				SWIFT_VERSION = 5.0;
				TARGETED_DEVICE_FAMILY = "1,2";
			};
			name = Debug;
		};
		6368646730131A82000A3F02 /* Release */ = {
			isa = XCBuildConfiguration;
			buildSettings = {
				ASSETCATALOG_COMPILER_APPICON_NAME = AppIcon;
				ASSETCATALOG_COMPILER_GLOBAL_ACCENT_COLOR_NAME = AccentColor;
				CLANG_ENABLE_MODULES = YES;
				CODE_SIGN_ENTITLEMENTS = Jot/Jot.entitlements;
				CODE_SIGN_STYLE = Automatic;
				CURRENT_PROJECT_VERSION = 9;
				DEVELOPMENT_TEAM = KZFRL4A856;
				ENABLE_PREVIEWS = YES;
				GENERATE_INFOPLIST_FILE = YES;
				INFOPLIST_FILE = Jot/Info.plist;
				INFOPLIST_KEY_LSApplicationCategoryType = "";
				INFOPLIST_KEY_NSLocationWhenInUseUsageDescription = "Used to tag Quick Pin notes with your current location";
				INFOPLIST_KEY_UIApplicationSceneManifest_Generation = YES;
				INFOPLIST_KEY_UIApplicationSupportsIndirectInputEvents = YES;
				INFOPLIST_KEY_UILaunchScreen_Generation = YES;
				INFOPLIST_KEY_UISupportedInterfaceOrientations_iPad = "UIInterfaceOrientationPortrait UIInterfaceOrientationPortraitUpsideDown UIInterfaceOrientationLandscapeLeft UIInterfaceOrientationLandscapeRight";
				INFOPLIST_KEY_UISupportedInterfaceOrientations_iPhone = "UIInterfaceOrientationPortrait UIInterfaceOrientationLandscapeLeft UIInterfaceOrientationLandscapeRight";
				LD_RUNPATH_SEARCH_PATHS = (
					"$(inherited)",
					"@executable_path/Frameworks",
				);
				MARKETING_VERSION = 1.0;
				PRODUCT_BUNDLE_IDENTIFIER = com.david.Jot;
				PRODUCT_NAME = "$(TARGET_NAME)";
				STRING_CATALOG_GENERATE_SYMBOLS = YES;
				SWIFT_APPROACHABLE_CONCURRENCY = YES;
				SWIFT_DEFAULT_ACTOR_ISOLATION = MainActor;
				SWIFT_EMIT_LOC_STRINGS = YES;
				SWIFT_UPCOMING_FEATURE_MEMBER_IMPORT_VISIBILITY = YES;
				SWIFT_VERSION = 5.0;
				TARGETED_DEVICE_FAMILY = "1,2";
			};
			name = Release;
		};
		636864863013C742000A3F02 /* Debug */ = {
			isa = XCBuildConfiguration;
			buildSettings = {
				ASSETCATALOG_COMPILER_GLOBAL_ACCENT_COLOR_NAME = AccentColor;
				ASSETCATALOG_COMPILER_WIDGET_BACKGROUND_COLOR_NAME = WidgetBackground;
				CODE_SIGN_ENTITLEMENTS = JotWidgetExtension.entitlements;
				CODE_SIGN_STYLE = Automatic;
				CURRENT_PROJECT_VERSION = 9;
				DEVELOPMENT_TEAM = KZFRL4A856;
				GENERATE_INFOPLIST_FILE = YES;
				INFOPLIST_FILE = JotWidget/Info.plist;
				INFOPLIST_KEY_CFBundleDisplayName = JotWidget;
				INFOPLIST_KEY_NSHumanReadableCopyright = "";
				LD_RUNPATH_SEARCH_PATHS = (
					"$(inherited)",
					"@executable_path/Frameworks",
					"@executable_path/../../Frameworks",
				);
				MARKETING_VERSION = 1.0;
				PRODUCT_BUNDLE_IDENTIFIER = com.david.Jot.JotWidget;
				PRODUCT_NAME = "$(TARGET_NAME)";
				SKIP_INSTALL = YES;
				STRING_CATALOG_GENERATE_SYMBOLS = YES;
				SWIFT_APPROACHABLE_CONCURRENCY = YES;
				SWIFT_EMIT_LOC_STRINGS = YES;
				SWIFT_UPCOMING_FEATURE_MEMBER_IMPORT_VISIBILITY = YES;
				SWIFT_VERSION = 5.0;
				TARGETED_DEVICE_FAMILY = "1,2";
			};
			name = Debug;
		};
		636864873013C742000A3F02 /* Release */ = {
			isa = XCBuildConfiguration;
			buildSettings = {
				ASSETCATALOG_COMPILER_GLOBAL_ACCENT_COLOR_NAME = AccentColor;
				ASSETCATALOG_COMPILER_WIDGET_BACKGROUND_COLOR_NAME = WidgetBackground;
				CODE_SIGN_ENTITLEMENTS = JotWidgetExtension.entitlements;
				CODE_SIGN_STYLE = Automatic;
				CURRENT_PROJECT_VERSION = 9;
				DEVELOPMENT_TEAM = KZFRL4A856;
				GENERATE_INFOPLIST_FILE = YES;
				INFOPLIST_FILE = JotWidget/Info.plist;
				INFOPLIST_KEY_CFBundleDisplayName = JotWidget;
				INFOPLIST_KEY_NSHumanReadableCopyright = "";
				LD_RUNPATH_SEARCH_PATHS = (
					"$(inherited)",
					"@executable_path/Frameworks",
					"@executable_path/../../Frameworks",
				);
				MARKETING_VERSION = 1.0;
				PRODUCT_BUNDLE_IDENTIFIER = com.david.Jot.JotWidget;
				PRODUCT_NAME = "$(TARGET_NAME)";
				SKIP_INSTALL = YES;
				STRING_CATALOG_GENERATE_SYMBOLS = YES;
				SWIFT_APPROACHABLE_CONCURRENCY = YES;
				SWIFT_EMIT_LOC_STRINGS = YES;
				SWIFT_UPCOMING_FEATURE_MEMBER_IMPORT_VISIBILITY = YES;
				SWIFT_VERSION = 5.0;
				TARGETED_DEVICE_FAMILY = "1,2";
			};
			name = Release;
		};
		636864A23013DD3A000A3F02 /* Debug */ = {
			isa = XCBuildConfiguration;
			buildSettings = {
				ASSETCATALOG_COMPILER_GLOBAL_ACCENT_COLOR_NAME = AccentColor;
				ASSETCATALOG_COMPILER_WIDGET_BACKGROUND_COLOR_NAME = WidgetBackground;
				CODE_SIGN_ENTITLEMENTS = DayflowWidgetExtension.entitlements;
				CODE_SIGN_STYLE = Automatic;
				CURRENT_PROJECT_VERSION = 41;
				DEVELOPMENT_TEAM = KZFRL4A856;
				GENERATE_INFOPLIST_FILE = YES;
				INFOPLIST_FILE = DayflowWidget/Info.plist;
				INFOPLIST_KEY_CFBundleDisplayName = DayflowWidget;
				INFOPLIST_KEY_LSApplicationCategoryType = "";
				INFOPLIST_KEY_NSCalendarsFullAccessUsageDescription = "Dayflow shows your schedule in this widget";
				INFOPLIST_KEY_NSHumanReadableCopyright = "";
				LD_RUNPATH_SEARCH_PATHS = (
					"$(inherited)",
					"@executable_path/Frameworks",
					"@executable_path/../../Frameworks",
				);
				MARKETING_VERSION = 1;
				PRODUCT_BUNDLE_IDENTIFIER = com.david.Dayflow.DayflowWidget;
				PRODUCT_NAME = "$(TARGET_NAME)";
				SKIP_INSTALL = YES;
				STRING_CATALOG_GENERATE_SYMBOLS = YES;
				SWIFT_APPROACHABLE_CONCURRENCY = YES;
				SWIFT_EMIT_LOC_STRINGS = YES;
				SWIFT_UPCOMING_FEATURE_MEMBER_IMPORT_VISIBILITY = YES;
				SWIFT_VERSION = 5.0;
				TARGETED_DEVICE_FAMILY = "1,2";
			};
			name = Debug;
		};
		636864A33013DD3A000A3F02 /* Release */ = {
			isa = XCBuildConfiguration;
			buildSettings = {
				ASSETCATALOG_COMPILER_GLOBAL_ACCENT_COLOR_NAME = AccentColor;
				ASSETCATALOG_COMPILER_WIDGET_BACKGROUND_COLOR_NAME = WidgetBackground;
				CODE_SIGN_ENTITLEMENTS = DayflowWidgetExtension.entitlements;
				CODE_SIGN_STYLE = Automatic;
				CURRENT_PROJECT_VERSION = 41;
				DEVELOPMENT_TEAM = KZFRL4A856;
				GENERATE_INFOPLIST_FILE = YES;
				INFOPLIST_FILE = DayflowWidget/Info.plist;
				INFOPLIST_KEY_CFBundleDisplayName = DayflowWidget;
				INFOPLIST_KEY_LSApplicationCategoryType = "";
				INFOPLIST_KEY_NSCalendarsFullAccessUsageDescription = "Dayflow shows your schedule in this widget";
				INFOPLIST_KEY_NSHumanReadableCopyright = "";
				LD_RUNPATH_SEARCH_PATHS = (
					"$(inherited)",
					"@executable_path/Frameworks",
					"@executable_path/../../Frameworks",
				);
				MARKETING_VERSION = 1;
				PRODUCT_BUNDLE_IDENTIFIER = com.david.Dayflow.DayflowWidget;
				PRODUCT_NAME = "$(TARGET_NAME)";
				SKIP_INSTALL = YES;
				STRING_CATALOG_GENERATE_SYMBOLS = YES;
				SWIFT_APPROACHABLE_CONCURRENCY = YES;
				SWIFT_EMIT_LOC_STRINGS = YES;
				SWIFT_UPCOMING_FEATURE_MEMBER_IMPORT_VISIBILITY = YES;
				SWIFT_VERSION = 5.0;
				TARGETED_DEVICE_FAMILY = "1,2";
			};
			name = Release;
		};
		636864CD3017062A000A3F02 /* Debug */ = {
			isa = XCBuildConfiguration;
			buildSettings = {
				ASSETCATALOG_COMPILER_APPICON_NAME = AppIcon;
				ASSETCATALOG_COMPILER_GLOBAL_ACCENT_COLOR_NAME = AccentColor;
				CODE_SIGN_ENTITLEMENTS = Satchel/Satchel.entitlements;
				CODE_SIGN_STYLE = Automatic;
				CURRENT_PROJECT_VERSION = 20;
				DEVELOPMENT_TEAM = KZFRL4A856;
				ENABLE_PREVIEWS = YES;
				GENERATE_INFOPLIST_FILE = YES;
				INFOPLIST_FILE = Satchel/Info.plist;
				INFOPLIST_KEY_NSCameraUsageDescription = "Satchel uses the camera to scan documents and take photos";
				INFOPLIST_KEY_NSPhotoLibraryUsageDescription = "Satchel imports photos you choose from your library";
				INFOPLIST_KEY_NSRemindersUsageDescription = "Satchel adds reminders for documents that need action by a date.";
				INFOPLIST_KEY_UIApplicationSceneManifest_Generation = YES;
				INFOPLIST_KEY_UIApplicationSupportsIndirectInputEvents = YES;
				INFOPLIST_KEY_UILaunchScreen_Generation = YES;
				INFOPLIST_KEY_UISupportedInterfaceOrientations_iPad = "UIInterfaceOrientationPortrait UIInterfaceOrientationPortraitUpsideDown UIInterfaceOrientationLandscapeLeft UIInterfaceOrientationLandscapeRight";
				INFOPLIST_KEY_UISupportedInterfaceOrientations_iPhone = "UIInterfaceOrientationPortrait UIInterfaceOrientationLandscapeLeft UIInterfaceOrientationLandscapeRight";
				LD_RUNPATH_SEARCH_PATHS = (
					"$(inherited)",
					"@executable_path/Frameworks",
				);
				MARKETING_VERSION = 1.0;
				PRODUCT_BUNDLE_IDENTIFIER = com.david.Satchel;
				PRODUCT_NAME = "$(TARGET_NAME)";
				STRING_CATALOG_GENERATE_SYMBOLS = YES;
				SWIFT_APPROACHABLE_CONCURRENCY = YES;
				SWIFT_DEFAULT_ACTOR_ISOLATION = MainActor;
				SWIFT_EMIT_LOC_STRINGS = YES;
				SWIFT_UPCOMING_FEATURE_MEMBER_IMPORT_VISIBILITY = YES;
				SWIFT_VERSION = 5.0;
				TARGETED_DEVICE_FAMILY = "1,2";
			};
			name = Debug;
		};
		636864CE3017062A000A3F02 /* Release */ = {
			isa = XCBuildConfiguration;
			buildSettings = {
				ASSETCATALOG_COMPILER_APPICON_NAME = AppIcon;
				ASSETCATALOG_COMPILER_GLOBAL_ACCENT_COLOR_NAME = AccentColor;
				CODE_SIGN_ENTITLEMENTS = Satchel/Satchel.entitlements;
				CODE_SIGN_STYLE = Automatic;
				CURRENT_PROJECT_VERSION = 20;
				DEVELOPMENT_TEAM = KZFRL4A856;
				ENABLE_PREVIEWS = YES;
				GENERATE_INFOPLIST_FILE = YES;
				INFOPLIST_FILE = Satchel/Info.plist;
				INFOPLIST_KEY_NSCameraUsageDescription = "Satchel uses the camera to scan documents and take photos";
				INFOPLIST_KEY_NSPhotoLibraryUsageDescription = "Satchel imports photos you choose from your library";
				INFOPLIST_KEY_NSRemindersUsageDescription = "Satchel adds reminders for documents that need action by a date.";
				INFOPLIST_KEY_UIApplicationSceneManifest_Generation = YES;
				INFOPLIST_KEY_UIApplicationSupportsIndirectInputEvents = YES;
				INFOPLIST_KEY_UILaunchScreen_Generation = YES;
				INFOPLIST_KEY_UISupportedInterfaceOrientations_iPad = "UIInterfaceOrientationPortrait UIInterfaceOrientationPortraitUpsideDown UIInterfaceOrientationLandscapeLeft UIInterfaceOrientationLandscapeRight";
				INFOPLIST_KEY_UISupportedInterfaceOrientations_iPhone = "UIInterfaceOrientationPortrait UIInterfaceOrientationLandscapeLeft UIInterfaceOrientationLandscapeRight";
				LD_RUNPATH_SEARCH_PATHS = (
					"$(inherited)",
					"@executable_path/Frameworks",
				);
				MARKETING_VERSION = 1.0;
				PRODUCT_BUNDLE_IDENTIFIER = com.david.Satchel;
				PRODUCT_NAME = "$(TARGET_NAME)";
				STRING_CATALOG_GENERATE_SYMBOLS = YES;
				SWIFT_APPROACHABLE_CONCURRENCY = YES;
				SWIFT_DEFAULT_ACTOR_ISOLATION = MainActor;
				SWIFT_EMIT_LOC_STRINGS = YES;
				SWIFT_UPCOMING_FEATURE_MEMBER_IMPORT_VISIBILITY = YES;
				SWIFT_VERSION = 5.0;
				TARGETED_DEVICE_FAMILY = "1,2";
			};
			name = Release;
		};
		63686504301BC757000A3F02 /* Debug */ = {
			isa = XCBuildConfiguration;
			buildSettings = {
				CODE_SIGN_ENTITLEMENTS = SatchelShareExtension/SatchelShareExtension.entitlements;
				CODE_SIGN_STYLE = Automatic;
				CURRENT_PROJECT_VERSION = 20;
				DEVELOPMENT_TEAM = KZFRL4A856;
				GENERATE_INFOPLIST_FILE = YES;
				INFOPLIST_FILE = SatchelShareExtension/Info.plist;
				INFOPLIST_KEY_CFBundleDisplayName = SatchelShareExtension;
				INFOPLIST_KEY_NSHumanReadableCopyright = "";
				LD_RUNPATH_SEARCH_PATHS = (
					"$(inherited)",
					"@executable_path/Frameworks",
					"@executable_path/../../Frameworks",
				);
				MARKETING_VERSION = 1.0;
				PRODUCT_BUNDLE_IDENTIFIER = com.david.Satchel.SatchelShareExtension;
				PRODUCT_NAME = "$(TARGET_NAME)";
				SKIP_INSTALL = YES;
				STRING_CATALOG_GENERATE_SYMBOLS = YES;
				SWIFT_APPROACHABLE_CONCURRENCY = YES;
				SWIFT_EMIT_LOC_STRINGS = YES;
				SWIFT_UPCOMING_FEATURE_MEMBER_IMPORT_VISIBILITY = YES;
				SWIFT_VERSION = 5.0;
				TARGETED_DEVICE_FAMILY = "1,2";
			};
			name = Debug;
		};
		63686505301BC757000A3F02 /* Release */ = {
			isa = XCBuildConfiguration;
			buildSettings = {
				CODE_SIGN_ENTITLEMENTS = SatchelShareExtension/SatchelShareExtension.entitlements;
				CODE_SIGN_STYLE = Automatic;
				CURRENT_PROJECT_VERSION = 20;
				DEVELOPMENT_TEAM = KZFRL4A856;
				GENERATE_INFOPLIST_FILE = YES;
				INFOPLIST_FILE = SatchelShareExtension/Info.plist;
				INFOPLIST_KEY_CFBundleDisplayName = SatchelShareExtension;
				INFOPLIST_KEY_NSHumanReadableCopyright = "";
				LD_RUNPATH_SEARCH_PATHS = (
					"$(inherited)",
					"@executable_path/Frameworks",
					"@executable_path/../../Frameworks",
				);
				MARKETING_VERSION = 1.0;
				PRODUCT_BUNDLE_IDENTIFIER = com.david.Satchel.SatchelShareExtension;
				PRODUCT_NAME = "$(TARGET_NAME)";
				SKIP_INSTALL = YES;
				STRING_CATALOG_GENERATE_SYMBOLS = YES;
				SWIFT_APPROACHABLE_CONCURRENCY = YES;
				SWIFT_EMIT_LOC_STRINGS = YES;
				SWIFT_UPCOMING_FEATURE_MEMBER_IMPORT_VISIBILITY = YES;
				SWIFT_VERSION = 5.0;
				TARGETED_DEVICE_FAMILY = "1,2";
			};
			name = Release;
		};
		638DB1DF2FE8820000A0523F /* Debug */ = {
			isa = XCBuildConfiguration;
			buildSettings = {
				ASSETCATALOG_COMPILER_GLOBAL_ACCENT_COLOR_NAME = AccentColor;
				ASSETCATALOG_COMPILER_WIDGET_BACKGROUND_COLOR_NAME = WidgetBackground;
				CODE_SIGN_ENTITLEMENTS = TraceWidgetExtension.entitlements;
				CODE_SIGN_STYLE = Automatic;
				CURRENT_PROJECT_VERSION = 107;
				DEVELOPMENT_TEAM = KZFRL4A856;
				GENERATE_INFOPLIST_FILE = YES;
				INFOPLIST_FILE = TraceWidget/Info.plist;
				INFOPLIST_KEY_CFBundleDisplayName = TraceWidget;
				INFOPLIST_KEY_NSHumanReadableCopyright = "";
				LD_RUNPATH_SEARCH_PATHS = (
					"$(inherited)",
					"@executable_path/Frameworks",
					"@executable_path/../../Frameworks",
				);
				MARKETING_VERSION = 1.0;
				PRODUCT_BUNDLE_IDENTIFIER = com.david.Trace.TraceWidget;
				PRODUCT_NAME = "$(TARGET_NAME)";
				SKIP_INSTALL = YES;
				STRING_CATALOG_GENERATE_SYMBOLS = YES;
				SWIFT_APPROACHABLE_CONCURRENCY = YES;
				SWIFT_EMIT_LOC_STRINGS = YES;
				SWIFT_UPCOMING_FEATURE_MEMBER_IMPORT_VISIBILITY = YES;
				SWIFT_VERSION = 5.0;
				TARGETED_DEVICE_FAMILY = "1,2";
			};
			name = Debug;
		};
		638DB1E02FE8820000A0523F /* Release */ = {
			isa = XCBuildConfiguration;
			buildSettings = {
				ASSETCATALOG_COMPILER_GLOBAL_ACCENT_COLOR_NAME = AccentColor;
				ASSETCATALOG_COMPILER_WIDGET_BACKGROUND_COLOR_NAME = WidgetBackground;
				CODE_SIGN_ENTITLEMENTS = TraceWidgetExtension.entitlements;
				CODE_SIGN_STYLE = Automatic;
				CURRENT_PROJECT_VERSION = 107;
				DEVELOPMENT_TEAM = KZFRL4A856;
				GENERATE_INFOPLIST_FILE = YES;
				INFOPLIST_FILE = TraceWidget/Info.plist;
				INFOPLIST_KEY_CFBundleDisplayName = TraceWidget;
				INFOPLIST_KEY_NSHumanReadableCopyright = "";
				LD_RUNPATH_SEARCH_PATHS = (
					"$(inherited)",
					"@executable_path/Frameworks",
					"@executable_path/../../Frameworks",
				);
				MARKETING_VERSION = 1.0;
				PRODUCT_BUNDLE_IDENTIFIER = com.david.Trace.TraceWidget;
				PRODUCT_NAME = "$(TARGET_NAME)";
				SKIP_INSTALL = YES;
				STRING_CATALOG_GENERATE_SYMBOLS = YES;
				SWIFT_APPROACHABLE_CONCURRENCY = YES;
				SWIFT_EMIT_LOC_STRINGS = YES;
				SWIFT_UPCOMING_FEATURE_MEMBER_IMPORT_VISIBILITY = YES;
				SWIFT_VERSION = 5.0;
				TARGETED_DEVICE_FAMILY = "1,2";
			};
			name = Release;
		};
		63DCBCBD2FDEF669009EBC1B /* Debug */ = {
			isa = XCBuildConfiguration;
			buildSettings = {
				ALWAYS_SEARCH_USER_PATHS = NO;
				ASSETCATALOG_COMPILER_GENERATE_SWIFT_ASSET_SYMBOL_EXTENSIONS = YES;
				CLANG_ANALYZER_NONNULL = YES;
				CLANG_ANALYZER_NUMBER_OBJECT_CONVERSION = YES_AGGRESSIVE;
				CLANG_CXX_LANGUAGE_STANDARD = "gnu++20";
				CLANG_ENABLE_MODULES = YES;
				CLANG_ENABLE_OBJC_ARC = YES;
				CLANG_ENABLE_OBJC_WEAK = YES;
				CLANG_WARN_BLOCK_CAPTURE_AUTORELEASING = YES;
				CLANG_WARN_BOOL_CONVERSION = YES;
				CLANG_WARN_COMMA = YES;
				CLANG_WARN_CONSTANT_CONVERSION = YES;
				CLANG_WARN_DEPRECATED_OBJC_IMPLEMENTATIONS = YES;
				CLANG_WARN_DIRECT_OBJC_ISA_USAGE = YES_ERROR;
				CLANG_WARN_DOCUMENTATION_COMMENTS = YES;
				CLANG_WARN_EMPTY_BODY = YES;
				CLANG_WARN_ENUM_CONVERSION = YES;
				CLANG_WARN_INFINITE_RECURSION = YES;
				CLANG_WARN_INT_CONVERSION = YES;
				CLANG_WARN_NON_LITERAL_NULL_CONVERSION = YES;
				CLANG_WARN_OBJC_IMPLICIT_RETAIN_SELF = YES;
				CLANG_WARN_OBJC_LITERAL_CONVERSION = YES;
				CLANG_WARN_OBJC_ROOT_CLASS = YES_ERROR;
				CLANG_WARN_QUOTED_INCLUDE_IN_FRAMEWORK_HEADER = YES;
				CLANG_WARN_RANGE_LOOP_ANALYSIS = YES;
				CLANG_WARN_STRICT_PROTOTYPES = YES;
				CLANG_WARN_SUSPICIOUS_MOVE = YES;
				CLANG_WARN_UNGUARDED_AVAILABILITY = YES_AGGRESSIVE;
				CLANG_WARN_UNREACHABLE_CODE = YES;
				CLANG_WARN__DUPLICATE_METHOD_MATCH = YES;
				COPY_PHASE_STRIP = NO;
				CURRENT_PROJECT_VERSION = 75;
				DEBUG_INFORMATION_FORMAT = dwarf;
				DEVELOPMENT_TEAM = KZFRL4A856;
				ENABLE_STRICT_OBJC_MSGSEND = YES;
				ENABLE_TESTABILITY = YES;
				ENABLE_USER_SCRIPT_SANDBOXING = YES;
				GCC_C_LANGUAGE_STANDARD = gnu17;
				GCC_DYNAMIC_NO_PIC = NO;
				GCC_NO_COMMON_BLOCKS = YES;
				GCC_OPTIMIZATION_LEVEL = 0;
				GCC_PREPROCESSOR_DEFINITIONS = (
					"DEBUG=1",
					"$(inherited)",
				);
				GCC_WARN_64_TO_32_BIT_CONVERSION = YES;
				GCC_WARN_ABOUT_RETURN_TYPE = YES_ERROR;
				GCC_WARN_UNDECLARED_SELECTOR = YES;
				GCC_WARN_UNINITIALIZED_AUTOS = YES_AGGRESSIVE;
				GCC_WARN_UNUSED_FUNCTION = YES;
				GCC_WARN_UNUSED_VARIABLE = YES;
				IPHONEOS_DEPLOYMENT_TARGET = 26.5;
				LOCALIZATION_PREFERS_STRING_CATALOGS = YES;
				MTL_ENABLE_DEBUG_INFO = INCLUDE_SOURCE;
				MTL_FAST_MATH = YES;
				ONLY_ACTIVE_ARCH = YES;
				SDKROOT = iphoneos;
				SWIFT_ACTIVE_COMPILATION_CONDITIONS = "DEBUG $(inherited)";
				SWIFT_OPTIMIZATION_LEVEL = "-Onone";
			};
			name = Debug;
		};
		63DCBCBE2FDEF669009EBC1B /* Release */ = {
			isa = XCBuildConfiguration;
			buildSettings = {
				ALWAYS_SEARCH_USER_PATHS = NO;
				ASSETCATALOG_COMPILER_GENERATE_SWIFT_ASSET_SYMBOL_EXTENSIONS = YES;
				CLANG_ANALYZER_NONNULL = YES;
				CLANG_ANALYZER_NUMBER_OBJECT_CONVERSION = YES_AGGRESSIVE;
				CLANG_CXX_LANGUAGE_STANDARD = "gnu++20";
				CLANG_ENABLE_MODULES = YES;
				CLANG_ENABLE_OBJC_ARC = YES;
				CLANG_ENABLE_OBJC_WEAK = YES;
				CLANG_WARN_BLOCK_CAPTURE_AUTORELEASING = YES;
				CLANG_WARN_BOOL_CONVERSION = YES;
				CLANG_WARN_COMMA = YES;
				CLANG_WARN_CONSTANT_CONVERSION = YES;
				CLANG_WARN_DEPRECATED_OBJC_IMPLEMENTATIONS = YES;
				CLANG_WARN_DIRECT_OBJC_ISA_USAGE = YES_ERROR;
				CLANG_WARN_DOCUMENTATION_COMMENTS = YES;
				CLANG_WARN_EMPTY_BODY = YES;
				CLANG_WARN_ENUM_CONVERSION = YES;
				CLANG_WARN_INFINITE_RECURSION = YES;
				CLANG_WARN_INT_CONVERSION = YES;
				CLANG_WARN_NON_LITERAL_NULL_CONVERSION = YES;
				CLANG_WARN_OBJC_IMPLICIT_RETAIN_SELF = YES;
				CLANG_WARN_OBJC_LITERAL_CONVERSION = YES;
				CLANG_WARN_OBJC_ROOT_CLASS = YES_ERROR;
				CLANG_WARN_QUOTED_INCLUDE_IN_FRAMEWORK_HEADER = YES;
				CLANG_WARN_RANGE_LOOP_ANALYSIS = YES;
				CLANG_WARN_STRICT_PROTOTYPES = YES;
				CLANG_WARN_SUSPICIOUS_MOVE = YES;
				CLANG_WARN_UNGUARDED_AVAILABILITY = YES_AGGRESSIVE;
				CLANG_WARN_UNREACHABLE_CODE = YES;
				CLANG_WARN__DUPLICATE_METHOD_MATCH = YES;
				COPY_PHASE_STRIP = NO;
				CURRENT_PROJECT_VERSION = 75;
				DEBUG_INFORMATION_FORMAT = "dwarf-with-dsym";
				DEVELOPMENT_TEAM = KZFRL4A856;
				ENABLE_NS_ASSERTIONS = NO;
				ENABLE_STRICT_OBJC_MSGSEND = YES;
				ENABLE_USER_SCRIPT_SANDBOXING = YES;
				GCC_C_LANGUAGE_STANDARD = gnu17;
				GCC_NO_COMMON_BLOCKS = YES;
				GCC_WARN_64_TO_32_BIT_CONVERSION = YES;
				GCC_WARN_ABOUT_RETURN_TYPE = YES_ERROR;
				GCC_WARN_UNDECLARED_SELECTOR = YES;
				GCC_WARN_UNINITIALIZED_AUTOS = YES_AGGRESSIVE;
				GCC_WARN_UNUSED_FUNCTION = YES;
				GCC_WARN_UNUSED_VARIABLE = YES;
				IPHONEOS_DEPLOYMENT_TARGET = 26.5;
				LOCALIZATION_PREFERS_STRING_CATALOGS = YES;
				MTL_ENABLE_DEBUG_INFO = NO;
				MTL_FAST_MATH = YES;
				SDKROOT = iphoneos;
				SWIFT_COMPILATION_MODE = wholemodule;
				VALIDATE_PRODUCT = YES;
			};
			name = Release;
		};
		63DCBCC02FDEF669009EBC1B /* Debug */ = {
			isa = XCBuildConfiguration;
			buildSettings = {
				ASSETCATALOG_COMPILER_APPICON_NAME = AppIcon;
				ASSETCATALOG_COMPILER_GLOBAL_ACCENT_COLOR_NAME = AccentColor;
				CODE_SIGN_ENTITLEMENTS = Trace.entitlements;
				CODE_SIGN_STYLE = Automatic;
				CURRENT_PROJECT_VERSION = 107;
				DEVELOPMENT_TEAM = KZFRL4A856;
				ENABLE_PREVIEWS = YES;
				GENERATE_INFOPLIST_FILE = YES;
				INFOPLIST_FILE = Trace/Info.plist;
				INFOPLIST_KEY_LSApplicationCategoryType = "";
				INFOPLIST_KEY_NSCalendarsUsageDescription = "Trace shows your next calendar event on the home screen.";
				INFOPLIST_KEY_NSCameraUsageDescription = "Trace uses the camera to capture photos linked to places.";
				INFOPLIST_KEY_NSHealthClinicalHealthRecordsShareUsageDescription = "Trace reads your Apple Watch activity rings to show Move, Exercise, and Stand progress.";
				INFOPLIST_KEY_NSHealthShareUsageDescription = "Trace reads your Apple Watch activity rings to show Move, Exercise, and Stand progress.";
				INFOPLIST_KEY_NSHealthUpdateUsageDescription = "Trace does not write health data.";
				INFOPLIST_KEY_NSLocationAlwaysAndWhenInUseUsageDescription = "Trace uses your location to show nearby places and auto check-in.";
				INFOPLIST_KEY_NSLocationWhenInUseUsageDescription = "Trace uses your location to show nearby places and auto check-in.";
				INFOPLIST_KEY_NSPhotoLibraryAddUsageDescription = "Trace saves captured photos to your photo library.";
				INFOPLIST_KEY_NSPhotoLibraryUsageDescription = "uses photos to attach images to your notes.";
				INFOPLIST_KEY_NSRemindersUsageDescription = "Trace uses Reminders to send tasks to Tweek.";
				INFOPLIST_KEY_UIApplicationSceneManifest_Generation = YES;
				INFOPLIST_KEY_UIApplicationSupportsIndirectInputEvents = YES;
				INFOPLIST_KEY_UILaunchScreen_Generation = YES;
				INFOPLIST_KEY_UISupportedInterfaceOrientations = "UIInterfaceOrientationLandscapeLeft UIInterfaceOrientationLandscapeRight UIInterfaceOrientationPortrait";
				LD_RUNPATH_SEARCH_PATHS = (
					"$(inherited)",
					"@executable_path/Frameworks",
				);
				MARKETING_VERSION = 1.0;
				PRODUCT_BUNDLE_IDENTIFIER = com.david.Trace;
				PRODUCT_NAME = "$(TARGET_NAME)";
				STRING_CATALOG_GENERATE_SYMBOLS = YES;
				SUPPORTED_PLATFORMS = "iphoneos iphonesimulator";
				SUPPORTS_MACCATALYST = NO;
				SUPPORTS_XR_DESIGNED_FOR_IPHONE_IPAD = NO;
				SWIFT_APPROACHABLE_CONCURRENCY = YES;
				SWIFT_DEFAULT_ACTOR_ISOLATION = MainActor;
				SWIFT_EMIT_LOC_STRINGS = YES;
				SWIFT_UPCOMING_FEATURE_MEMBER_IMPORT_VISIBILITY = YES;
				SWIFT_VERSION = 5.0;
				TARGETED_DEVICE_FAMILY = 1;
			};
			name = Debug;
		};
		63DCBCC12FDEF669009EBC1B /* Release */ = {
			isa = XCBuildConfiguration;
			buildSettings = {
				ASSETCATALOG_COMPILER_APPICON_NAME = AppIcon;
				ASSETCATALOG_COMPILER_GLOBAL_ACCENT_COLOR_NAME = AccentColor;
				CODE_SIGN_ENTITLEMENTS = Trace.entitlements;
				CODE_SIGN_STYLE = Automatic;
				CURRENT_PROJECT_VERSION = 107;
				DEVELOPMENT_TEAM = KZFRL4A856;
				ENABLE_PREVIEWS = YES;
				GENERATE_INFOPLIST_FILE = YES;
				INFOPLIST_FILE = Trace/Info.plist;
				INFOPLIST_KEY_LSApplicationCategoryType = "";
				INFOPLIST_KEY_NSCalendarsUsageDescription = "Trace shows your next calendar event on the home screen.";
				INFOPLIST_KEY_NSCameraUsageDescription = "Trace uses the camera to capture photos linked to places.";
				INFOPLIST_KEY_NSHealthClinicalHealthRecordsShareUsageDescription = "Trace reads your Apple Watch activity rings to show Move, Exercise, and Stand progress.";
				INFOPLIST_KEY_NSHealthShareUsageDescription = "Trace reads your Apple Watch activity rings to show Move, Exercise, and Stand progress.";
				INFOPLIST_KEY_NSHealthUpdateUsageDescription = "Trace does not write health data.";
				INFOPLIST_KEY_NSLocationAlwaysAndWhenInUseUsageDescription = "Trace uses your location to show nearby places and auto check-in.";
				INFOPLIST_KEY_NSLocationWhenInUseUsageDescription = "Trace uses your location to show nearby places and auto check-in.";
				INFOPLIST_KEY_NSPhotoLibraryAddUsageDescription = "Trace saves captured photos to your photo library.";
				INFOPLIST_KEY_NSPhotoLibraryUsageDescription = "uses photos to attach images to your notes.";
				INFOPLIST_KEY_NSRemindersUsageDescription = "Trace uses Reminders to send tasks to Tweek.";
				INFOPLIST_KEY_UIApplicationSceneManifest_Generation = YES;
				INFOPLIST_KEY_UIApplicationSupportsIndirectInputEvents = YES;
				INFOPLIST_KEY_UILaunchScreen_Generation = YES;
				INFOPLIST_KEY_UISupportedInterfaceOrientations = "UIInterfaceOrientationLandscapeLeft UIInterfaceOrientationLandscapeRight UIInterfaceOrientationPortrait";
				LD_RUNPATH_SEARCH_PATHS = (
					"$(inherited)",
					"@executable_path/Frameworks",
				);
				MARKETING_VERSION = 1.0;
				PRODUCT_BUNDLE_IDENTIFIER = com.david.Trace;
				PRODUCT_NAME = "$(TARGET_NAME)";
				STRING_CATALOG_GENERATE_SYMBOLS = YES;
				SUPPORTED_PLATFORMS = "iphoneos iphonesimulator";
				SUPPORTS_MACCATALYST = NO;
				SUPPORTS_XR_DESIGNED_FOR_IPHONE_IPAD = NO;
				SWIFT_APPROACHABLE_CONCURRENCY = YES;
				SWIFT_DEFAULT_ACTOR_ISOLATION = MainActor;
				SWIFT_EMIT_LOC_STRINGS = YES;
				SWIFT_UPCOMING_FEATURE_MEMBER_IMPORT_VISIBILITY = YES;
				SWIFT_VERSION = 5.0;
				TARGETED_DEVICE_FAMILY = 1;
			};
			name = Release;
		};
		63FF441B2FF7655E00EAC44A /* Debug */ = {
			isa = XCBuildConfiguration;
			buildSettings = {
				ASSETCATALOG_COMPILER_APPICON_NAME = AppIcon;
				ASSETCATALOG_COMPILER_GLOBAL_ACCENT_COLOR_NAME = AccentColor;
				CODE_SIGN_ENTITLEMENTS = TraceMac/TraceMac.entitlements;
				CODE_SIGN_STYLE = Automatic;
				COMBINE_HIDPI_IMAGES = YES;
				CURRENT_PROJECT_VERSION = 46;
				DEVELOPMENT_TEAM = KZFRL4A856;
				ENABLE_APP_SANDBOX = YES;
				ENABLE_HARDENED_RUNTIME = YES;
				ENABLE_INCOMING_NETWORK_CONNECTIONS = NO;
				ENABLE_OUTGOING_NETWORK_CONNECTIONS = YES;
				ENABLE_PREVIEWS = YES;
				ENABLE_RESOURCE_ACCESS_AUDIO_INPUT = NO;
				ENABLE_RESOURCE_ACCESS_BLUETOOTH = NO;
				ENABLE_RESOURCE_ACCESS_CALENDARS = NO;
				ENABLE_RESOURCE_ACCESS_CAMERA = NO;
				ENABLE_RESOURCE_ACCESS_CONTACTS = NO;
				ENABLE_RESOURCE_ACCESS_LOCATION = NO;
				ENABLE_RESOURCE_ACCESS_PRINTING = NO;
				ENABLE_RESOURCE_ACCESS_USB = NO;
				ENABLE_USER_SELECTED_FILES = readwrite;
				GENERATE_INFOPLIST_FILE = YES;
				INFOPLIST_FILE = TraceMac/Info.plist;
				INFOPLIST_KEY_NSHumanReadableCopyright = "";
				LD_RUNPATH_SEARCH_PATHS = (
					"$(inherited)",
					"@executable_path/../Frameworks",
				);
				MACOSX_DEPLOYMENT_TARGET = 26.3;
				MARKETING_VERSION = 1.0;
				PRODUCT_BUNDLE_IDENTIFIER = com.david.Trace.TraceMac;
				PRODUCT_NAME = "$(TARGET_NAME)";
				REGISTER_APP_GROUPS = YES;
				SDKROOT = macosx;
				STRING_CATALOG_GENERATE_SYMBOLS = YES;
				SWIFT_APPROACHABLE_CONCURRENCY = YES;
				SWIFT_DEFAULT_ACTOR_ISOLATION = MainActor;
				SWIFT_EMIT_LOC_STRINGS = YES;
				SWIFT_UPCOMING_FEATURE_MEMBER_IMPORT_VISIBILITY = YES;
				SWIFT_VERSION = 5.0;
			};
			name = Debug;
		};
		63FF441C2FF7655E00EAC44A /* Release */ = {
			isa = XCBuildConfiguration;
			buildSettings = {
				ASSETCATALOG_COMPILER_APPICON_NAME = AppIcon;
				ASSETCATALOG_COMPILER_GLOBAL_ACCENT_COLOR_NAME = AccentColor;
				CODE_SIGN_ENTITLEMENTS = TraceMac/TraceMac.entitlements;
				CODE_SIGN_STYLE = Automatic;
				COMBINE_HIDPI_IMAGES = YES;
				CURRENT_PROJECT_VERSION = 46;
				DEVELOPMENT_TEAM = KZFRL4A856;
				ENABLE_APP_SANDBOX = YES;
				ENABLE_HARDENED_RUNTIME = YES;
				ENABLE_INCOMING_NETWORK_CONNECTIONS = NO;
				ENABLE_OUTGOING_NETWORK_CONNECTIONS = YES;
				ENABLE_PREVIEWS = YES;
				ENABLE_RESOURCE_ACCESS_AUDIO_INPUT = NO;
				ENABLE_RESOURCE_ACCESS_BLUETOOTH = NO;
				ENABLE_RESOURCE_ACCESS_CALENDARS = NO;
				ENABLE_RESOURCE_ACCESS_CAMERA = NO;
				ENABLE_RESOURCE_ACCESS_CONTACTS = NO;
				ENABLE_RESOURCE_ACCESS_LOCATION = NO;
				ENABLE_RESOURCE_ACCESS_PRINTING = NO;
				ENABLE_RESOURCE_ACCESS_USB = NO;
				ENABLE_USER_SELECTED_FILES = readwrite;
				GENERATE_INFOPLIST_FILE = YES;
				INFOPLIST_FILE = TraceMac/Info.plist;
				INFOPLIST_KEY_NSHumanReadableCopyright = "";
				LD_RUNPATH_SEARCH_PATHS = (
					"$(inherited)",
					"@executable_path/../Frameworks",
				);
				MACOSX_DEPLOYMENT_TARGET = 26.3;
				MARKETING_VERSION = 1.0;
				PRODUCT_BUNDLE_IDENTIFIER = com.david.Trace.TraceMac;
				PRODUCT_NAME = "$(TARGET_NAME)";
				REGISTER_APP_GROUPS = YES;
				SDKROOT = macosx;
				STRING_CATALOG_GENERATE_SYMBOLS = YES;
				SWIFT_APPROACHABLE_CONCURRENCY = YES;
				SWIFT_DEFAULT_ACTOR_ISOLATION = MainActor;
				SWIFT_EMIT_LOC_STRINGS = YES;
				SWIFT_UPCOMING_FEATURE_MEMBER_IMPORT_VISIBILITY = YES;
				SWIFT_VERSION = 5.0;
			};
			name = Release;
		};
/* End XCBuildConfiguration section */

/* Begin XCConfigurationList section */
		636863E6300D7849000A3F02 /* Build configuration list for PBXNativeTarget "Dayflow" */ = {
			isa = XCConfigurationList;
			buildConfigurations = (
				636863E7300D7849000A3F02 /* Debug */,
				636863E8300D7849000A3F02 /* Release */,
			);
			defaultConfigurationIsVisible = 0;
			defaultConfigurationName = Release;
		};
		6368646530131A82000A3F02 /* Build configuration list for PBXNativeTarget "Jot" */ = {
			isa = XCConfigurationList;
			buildConfigurations = (
				6368646630131A82000A3F02 /* Debug */,
				6368646730131A82000A3F02 /* Release */,
			);
			defaultConfigurationIsVisible = 0;
			defaultConfigurationName = Release;
		};
		636864853013C742000A3F02 /* Build configuration list for PBXNativeTarget "JotWidgetExtension" */ = {
			isa = XCConfigurationList;
			buildConfigurations = (
				636864863013C742000A3F02 /* Debug */,
				636864873013C742000A3F02 /* Release */,
			);
			defaultConfigurationIsVisible = 0;
			defaultConfigurationName = Release;
		};
		636864A13013DD3A000A3F02 /* Build configuration list for PBXNativeTarget "DayflowWidgetExtension" */ = {
			isa = XCConfigurationList;
			buildConfigurations = (
				636864A23013DD3A000A3F02 /* Debug */,
				636864A33013DD3A000A3F02 /* Release */,
			);
			defaultConfigurationIsVisible = 0;
			defaultConfigurationName = Release;
		};
		636864CC3017062A000A3F02 /* Build configuration list for PBXNativeTarget "Satchel" */ = {
			isa = XCConfigurationList;
			buildConfigurations = (
				636864CD3017062A000A3F02 /* Debug */,
				636864CE3017062A000A3F02 /* Release */,
			);
			defaultConfigurationIsVisible = 0;
			defaultConfigurationName = Release;
		};
		63686503301BC757000A3F02 /* Build configuration list for PBXNativeTarget "SatchelShareExtension" */ = {
			isa = XCConfigurationList;
			buildConfigurations = (
				63686504301BC757000A3F02 /* Debug */,
				63686505301BC757000A3F02 /* Release */,
			);
			defaultConfigurationIsVisible = 0;
			defaultConfigurationName = Release;
		};
		638DB1DE2FE8820000A0523F /* Build configuration list for PBXNativeTarget "TraceWidgetExtension" */ = {
			isa = XCConfigurationList;
			buildConfigurations = (
				638DB1DF2FE8820000A0523F /* Debug */,
				638DB1E02FE8820000A0523F /* Release */,
			);
			defaultConfigurationIsVisible = 0;
			defaultConfigurationName = Release;
		};
		63DCBCAF2FDEF667009EBC1B /* Build configuration list for PBXProject "Trace" */ = {
			isa = XCConfigurationList;
			buildConfigurations = (
				63DCBCBD2FDEF669009EBC1B /* Debug */,
				63DCBCBE2FDEF669009EBC1B /* Release */,
			);
			defaultConfigurationIsVisible = 0;
			defaultConfigurationName = Release;
		};
		63DCBCBF2FDEF669009EBC1B /* Build configuration list for PBXNativeTarget "Trace" */ = {
			isa = XCConfigurationList;
			buildConfigurations = (
				63DCBCC02FDEF669009EBC1B /* Debug */,
				63DCBCC12FDEF669009EBC1B /* Release */,
			);
			defaultConfigurationIsVisible = 0;
			defaultConfigurationName = Release;
		};
		63FF441A2FF7655E00EAC44A /* Build configuration list for PBXNativeTarget "TraceMac" */ = {
			isa = XCConfigurationList;
			buildConfigurations = (
				63FF441B2FF7655E00EAC44A /* Debug */,
				63FF441C2FF7655E00EAC44A /* Release */,
			);
			defaultConfigurationIsVisible = 0;
			defaultConfigurationName = Release;
		};
/* End XCConfigurationList section */
	};
	rootObject = 63DCBCAC2FDEF667009EBC1B /* Project object */;
}
